
Microsoft Visual Studio Solution File, Format Version 12.00
# Visual Studio Version 17
VisualStudioVersion = 17.0.31903.59
MinimumVisualStudioVersion = 10.0.40219.1
Project("{FAE04EC0-301F-11D3-BF4B-00C04F79EFBC}") = "CloudShell.Host", "CloudShell.Host\CloudShell.Host.csproj", "{739E3295-8A20-4EBB-A9EE-A6F4A1D65A95}"
EndProject
Project("{FAE04EC0-301F-11D3-BF4B-00C04F79EFBC}") = "CloudShell.Abstractions", "CloudShell.Abstractions\CloudShell.Abstractions.csproj", "{3266CD09-615B-4E0C-8EFE-9AEC93AB932A}"
EndProject
Project("{FAE04EC0-301F-11D3-BF4B-00C04F79EFBC}") = "CloudShell.Providers.Docker", "CloudShell.Providers.Docker\CloudShell.Providers.Docker.csproj", "{3813269A-C036-466D-A0D7-8166865E06ED}"
EndProject
Project("{FAE04EC0-301F-11D3-BF4B-00C04F79EFBC}") = "CloudShell.Abstractions.Tests", "CloudShell.Abstractions.Tests\CloudShell.Abstractions.Tests.csproj", "{43364D55-A5B4-4E5A-B3EC-BD41F9AE1A79}"
EndProject
Project("{FAE04EC0-301F-11D3-BF4B-00C04F79EFBC}") = "CloudShell.Persistence", "CloudShell.Persistence\CloudShell.Persistence.csproj", "{8529CD5E-1232-4863-9A54-328504FCDCE4}"
EndProject
Project("{FAE04EC0-301F-11D3-BF4B-00C04F79EFBC}") = "CloudShell.ControlPlane", "CloudShell.ControlPlane\CloudShell.ControlPlane.csproj", "{D494B721-FD5D-4D06-9427-15FCCE03C533}"
EndProject
Project("{FAE04EC0-301F-11D3-BF4B-00C04F79EFBC}") = "CloudShell.Providers.Applications", "CloudShell.Providers.Applications\CloudShell.Providers.Applications.csproj", "{800A8EF1-00FD-4581-941E-691AFE6634D1}"
EndProject
Project("{2150E333-8FDC-42A3-9474-1A3956D46DE8}") = "samples", "samples", "{5D20AA90-6969-D8BD-9DCD-8634F4692FDA}"
EndProject
Project("{FAE04EC0-301F-11D3-BF4B-00C04F79EFBC}") = "CloudShell.ExampleWebApi", "samples\CloudShell.ExampleWebApi\CloudShell.ExampleWebApi.csproj", "{E84B9637-9560-40B8-8EB9-2B53DAA397B4}"
EndProject
Project("{FAE04EC0-301F-11D3-BF4B-00C04F79EFBC}") = "CloudShell.Providers.Configuration", "CloudShell.Providers.Configuration\CloudShell.Providers.Configuration.csproj", "{412E9195-B99C-4A64-B2B1-11CD8CF23C4B}"
EndProject
Project("{FAE04EC0-301F-11D3-BF4B-00C04F79EFBC}") = "CloudShell.Configuration", "CloudShell.Configuration\CloudShell.Configuration.csproj", "{6C03B0A1-97F6-4F36-9101-298E0BD2856A}"
EndProject
Project("{FAE04EC0-301F-11D3-BF4B-00C04F79EFBC}") = "CloudShell.ConfigurationService", "CloudShell.ConfigurationService\CloudShell.ConfigurationService.csproj", "{B70C9818-051F-40BD-8A95-CF481B8984C1}"
EndProject
Project("{FAE04EC0-301F-11D3-BF4B-00C04F79EFBC}") = "CloudShell.UiExtensionHost", "samples\CloudShell.UiExtensionHost\CloudShell.UiExtensionHost.csproj", "{E50217DD-B469-481B-BAE7-84CA676090E4}"
EndProject
Project("{FAE04EC0-301F-11D3-BF4B-00C04F79EFBC}") = "CloudShell.ResourceHost", "samples\CloudShell.ResourceHost\CloudShell.ResourceHost.csproj", "{511097AB-3BBB-438F-98F2-F847A0DFB4C0}"
EndProject
Project("{FAE04EC0-301F-11D3-BF4B-00C04F79EFBC}") = "CloudShell.Hosting", "CloudShell.Hosting\CloudShell.Hosting.csproj", "{822F4EAD-3541-4B39-B3AB-AB94FFD458B7}"
EndProject
Project("{FAE04EC0-301F-11D3-BF4B-00C04F79EFBC}") = "CloudShell.Providers.DockerCompose", "CloudShell.Providers.DockerCompose\CloudShell.Providers.DockerCompose.csproj", "{C7A1BAB1-6528-43C8-814D-EE310A4C4212}"
EndProject
Project("{FAE04EC0-301F-11D3-BF4B-00C04F79EFBC}") = "CloudShell.ContainerHost", "samples\CloudShell.ContainerHost\CloudShell.ContainerHost.csproj", "{6DA06027-CDAF-4787-9C10-C9E2B78B23C0}"
EndProject
Project("{FAE04EC0-301F-11D3-BF4B-00C04F79EFBC}") = "CloudShell.ProjectReferenceHost", "samples\ProjectReference\Host\CloudShell.ProjectReferenceHost.csproj", "{2DBF1BD0-4270-41A5-B93F-02408D6C3C2F}"
EndProject
Project("{FAE04EC0-301F-11D3-BF4B-00C04F79EFBC}") = "CloudShell.ProjectReferenceApi", "samples\ProjectReference\Api\CloudShell.ProjectReferenceApi.csproj", "{3446A9CB-385C-4DF6-B854-1BB0D4BC8C0E}"
EndProject
Project("{FAE04EC0-301F-11D3-BF4B-00C04F79EFBC}") = "CloudShell.ProjectReferenceFrontend", "samples\ProjectReference\Frontend\CloudShell.ProjectReferenceFrontend.csproj", "{6588EDA0-2023-46B1-8E01-639E64657FC7}"
EndProject
Project("{FAE04EC0-301F-11D3-BF4B-00C04F79EFBC}") = "CloudShell.ProjectReference.ServiceDefaults", "samples\ProjectReference\ServiceDefaults\CloudShell.ProjectReference.ServiceDefaults.csproj", "{284F3798-6054-4601-BE79-0D09CB648463}"
EndProject
Project("{FAE04EC0-301F-11D3-BF4B-00C04F79EFBC}") = "CloudShell.ControlPlane.Client", "CloudShell.ControlPlane.Client\CloudShell.ControlPlane.Client.csproj", "{A46877D6-AD57-46DC-9CDA-AA6D5833FD36}"
EndProject
Project("{2150E333-8FDC-42A3-9474-1A3956D46DE8}") = "SplitHosting", "SplitHosting", "{09B8634A-8A45-E329-C7E8-D6730E20975A}"
EndProject
Project("{2150E333-8FDC-42A3-9474-1A3956D46DE8}") = "ControlPlane", "ControlPlane", "{A205F63E-9262-A6EA-1259-2AB8D6A6526A}"
EndProject
Project("{FAE04EC0-301F-11D3-BF4B-00C04F79EFBC}") = "CloudShell.SplitHosting.ControlPlane", "samples\SplitHosting\ControlPlane\CloudShell.SplitHosting.ControlPlane.csproj", "{86394441-8BD3-4689-8EC3-BF1EEA577B63}"
EndProject
Project("{2150E333-8FDC-42A3-9474-1A3956D46DE8}") = "UI", "UI", "{6C168FF4-8DAB-005B-2724-B3F566025DC8}"
EndProject
Project("{FAE04EC0-301F-11D3-BF4B-00C04F79EFBC}") = "CloudShell.SplitHosting.UI", "samples\SplitHosting\UI\CloudShell.SplitHosting.UI.csproj", "{BC57901C-B311-477C-B46A-A2A43D4CF8A5}"
EndProject
Project("{FAE04EC0-301F-11D3-BF4B-00C04F79EFBC}") = "CloudShell.ControlPlane.Client.Tests", "CloudShell.ControlPlane.Client.Tests\CloudShell.ControlPlane.Client.Tests.csproj", "{12A22D2E-92E9-44AE-8357-1A9B5956656A}"
EndProject
Project("{FAE04EC0-301F-11D3-BF4B-00C04F79EFBC}") = "CloudShell.Sample.Tests", "CloudShell.Sample.Tests\CloudShell.Sample.Tests.csproj", "{7663E9D4-E6C4-4324-9A78-E982037D26C5}"
EndProject
Global
	GlobalSection(SolutionConfigurationPlatforms) = preSolution
		Debug|Any CPU = Debug|Any CPU
		Debug|x64 = Debug|x64
		Debug|x86 = Debug|x86
		Release|Any CPU = Release|Any CPU
		Release|x64 = Release|x64
		Release|x86 = Release|x86
	EndGlobalSection
	GlobalSection(ProjectConfigurationPlatforms) = postSolution
		{739E3295-8A20-4EBB-A9EE-A6F4A1D65A95}.Debug|Any CPU.ActiveCfg = Debug|Any CPU
		{739E3295-8A20-4EBB-A9EE-A6F4A1D65A95}.Debug|Any CPU.Build.0 = Debug|Any CPU
		{739E3295-8A20-4EBB-A9EE-A6F4A1D65A95}.Debug|x64.ActiveCfg = Debug|Any CPU
		{739E3295-8A20-4EBB-A9EE-A6F4A1D65A95}.Debug|x64.Build.0 = Debug|Any CPU
		{739E3295-8A20-4EBB-A9EE-A6F4A1D65A95}.Debug|x86.ActiveCfg = Debug|Any CPU
		{739E3295-8A20-4EBB-A9EE-A6F4A1D65A95}.Debug|x86.Build.0 = Debug|Any CPU
		{739E3295-8A20-4EBB-A9EE-A6F4A1D65A95}.Release|Any CPU.ActiveCfg = Release|Any CPU
		{739E3295-8A20-4EBB-A9EE-A6F4A1D65A95}.Release|Any CPU.Build.0 = Release|Any CPU
		{739E3295-8A20-4EBB-A9EE-A6F4A1D65A95}.Release|x64.ActiveCfg = Release|Any CPU
		{739E3295-8A20-4EBB-A9EE-A6F4A1D65A95}.Release|x64.Build.0 = Release|Any CPU
		{739E3295-8A20-4EBB-A9EE-A6F4A1D65A95}.Release|x86.ActiveCfg = Release|Any CPU
		{739E3295-8A20-4EBB-A9EE-A6F4A1D65A95}.Release|x86.Build.0 = Release|Any CPU
		{3266CD09-615B-4E0C-8EFE-9AEC93AB932A}.Debug|Any CPU.ActiveCfg = Debug|Any CPU
		{3266CD09-615B-4E0C-8EFE-9AEC93AB932A}.Debug|Any CPU.Build.0 = Debug|Any CPU
		{3266CD09-615B-4E0C-8EFE-9AEC93AB932A}.Debug|x64.ActiveCfg = Debug|Any CPU
		{3266CD09-615B-4E0C-8EFE-9AEC93AB932A}.Debug|x64.Build.0 = Debug|Any CPU
		{3266CD09-615B-4E0C-8EFE-9AEC93AB932A}.Debug|x86.ActiveCfg = Debug|Any CPU
		{3266CD09-615B-4E0C-8EFE-9AEC93AB932A}.Debug|x86.Build.0 = Debug|Any CPU
		{3266CD09-615B-4E0C-8EFE-9AEC93AB932A}.Release|Any CPU.ActiveCfg = Release|Any CPU
		{3266CD09-615B-4E0C-8EFE-9AEC93AB932A}.Release|Any CPU.Build.0 = Release|Any CPU
		{3266CD09-615B-4E0C-8EFE-9AEC93AB932A}.Release|x64.ActiveCfg = Release|Any CPU
		{3266CD09-615B-4E0C-8EFE-9AEC93AB932A}.Release|x64.Build.0 = Release|Any CPU
		{3266CD09-615B-4E0C-8EFE-9AEC93AB932A}.Release|x86.ActiveCfg = Release|Any CPU
		{3266CD09-615B-4E0C-8EFE-9AEC93AB932A}.Release|x86.Build.0 = Release|Any CPU
		{3813269A-C036-466D-A0D7-8166865E06ED}.Debug|Any CPU.ActiveCfg = Debug|Any CPU
		{3813269A-C036-466D-A0D7-8166865E06ED}.Debug|Any CPU.Build.0 = Debug|Any CPU
		{3813269A-C036-466D-A0D7-8166865E06ED}.Debug|x64.ActiveCfg = Debug|Any CPU
		{3813269A-C036-466D-A0D7-8166865E06ED}.Debug|x64.Build.0 = Debug|Any CPU
		{3813269A-C036-466D-A0D7-8166865E06ED}.Debug|x86.ActiveCfg = Debug|Any CPU
		{3813269A-C036-466D-A0D7-8166865E06ED}.Debug|x86.Build.0 = Debug|Any CPU
		{3813269A-C036-466D-A0D7-8166865E06ED}.Release|Any CPU.ActiveCfg = Release|Any CPU
		{3813269A-C036-466D-A0D7-8166865E06ED}.Release|Any CPU.Build.0 = Release|Any CPU
		{3813269A-C036-466D-A0D7-8166865E06ED}.Release|x64.ActiveCfg = Release|Any CPU
		{3813269A-C036-466D-A0D7-8166865E06ED}.Release|x64.Build.0 = Release|Any CPU
		{3813269A-C036-466D-A0D7-8166865E06ED}.Release|x86.ActiveCfg = Release|Any CPU
		{3813269A-C036-466D-A0D7-8166865E06ED}.Release|x86.Build.0 = Release|Any CPU
		{43364D55-A5B4-4E5A-B3EC-BD41F9AE1A79}.Debug|Any CPU.ActiveCfg = Debug|Any CPU
		{43364D55-A5B4-4E5A-B3EC-BD41F9AE1A79}.Debug|Any CPU.Build.0 = Debug|Any CPU
		{43364D55-A5B4-4E5A-B3EC-BD41F9AE1A79}.Debug|x64.ActiveCfg = Debug|Any CPU
		{43364D55-A5B4-4E5A-B3EC-BD41F9AE1A79}.Debug|x64.Build.0 = Debug|Any CPU
		{43364D55-A5B4-4E5A-B3EC-BD41F9AE1A79}.Debug|x86.ActiveCfg = Debug|Any CPU
		{43364D55-A5B4-4E5A-B3EC-BD41F9AE1A79}.Debug|x86.Build.0 = Debug|Any CPU
		{43364D55-A5B4-4E5A-B3EC-BD41F9AE1A79}.Release|Any CPU.ActiveCfg = Release|Any CPU
		{43364D55-A5B4-4E5A-B3EC-BD41F9AE1A79}.Release|Any CPU.Build.0 = Release|Any CPU
		{43364D55-A5B4-4E5A-B3EC-BD41F9AE1A79}.Release|x64.ActiveCfg = Release|Any CPU
		{43364D55-A5B4-4E5A-B3EC-BD41F9AE1A79}.Release|x64.Build.0 = Release|Any CPU
		{43364D55-A5B4-4E5A-B3EC-BD41F9AE1A79}.Release|x86.ActiveCfg = Release|Any CPU
		{43364D55-A5B4-4E5A-B3EC-BD41F9AE1A79}.Release|x86.Build.0 = Release|Any CPU
		{8529CD5E-1232-4863-9A54-328504FCDCE4}.Debug|Any CPU.ActiveCfg = Debug|Any CPU
		{8529CD5E-1232-4863-9A54-328504FCDCE4}.Debug|Any CPU.Build.0 = Debug|Any CPU
		{8529CD5E-1232-4863-9A54-328504FCDCE4}.Debug|x64.ActiveCfg = Debug|Any CPU
		{8529CD5E-1232-4863-9A54-328504FCDCE4}.Debug|x64.Build.0 = Debug|Any CPU
		{8529CD5E-1232-4863-9A54-328504FCDCE4}.Debug|x86.ActiveCfg = Debug|Any CPU
		{8529CD5E-1232-4863-9A54-328504FCDCE4}.Debug|x86.Build.0 = Debug|Any CPU
		{8529CD5E-1232-4863-9A54-328504FCDCE4}.Release|Any CPU.ActiveCfg = Release|Any CPU
		{8529CD5E-1232-4863-9A54-328504FCDCE4}.Release|Any CPU.Build.0 = Release|Any CPU
		{8529CD5E-1232-4863-9A54-328504FCDCE4}.Release|x64.ActiveCfg = Release|Any CPU
		{8529CD5E-1232-4863-9A54-328504FCDCE4}.Release|x64.Build.0 = Release|Any CPU
		{8529CD5E-1232-4863-9A54-328504FCDCE4}.Release|x86.ActiveCfg = Release|Any CPU
		{8529CD5E-1232-4863-9A54-328504FCDCE4}.Release|x86.Build.0 = Release|Any CPU
		{D494B721-FD5D-4D06-9427-15FCCE03C533}.Debug|Any CPU.ActiveCfg = Debug|Any CPU
		{D494B721-FD5D-4D06-9427-15FCCE03C533}.Debug|Any CPU.Build.0 = Debug|Any CPU
		{D494B721-FD5D-4D06-9427-15FCCE03C533}.Debug|x64.ActiveCfg = Debug|Any CPU
		{D494B721-FD5D-4D06-9427-15FCCE03C533}.Debug|x64.Build.0 = Debug|Any CPU
		{D494B721-FD5D-4D06-9427-15FCCE03C533}.Debug|x86.ActiveCfg = Debug|Any CPU
		{D494B721-FD5D-4D06-9427-15FCCE03C533}.Debug|x86.Build.0 = Debug|Any CPU
		{D494B721-FD5D-4D06-9427-15FCCE03C533}.Release|Any CPU.ActiveCfg = Release|Any CPU
		{D494B721-FD5D-4D06-9427-15FCCE03C533}.Release|Any CPU.Build.0 = Release|Any CPU
		{D494B721-FD5D-4D06-9427-15FCCE03C533}.Release|x64.ActiveCfg = Release|Any CPU
		{D494B721-FD5D-4D06-9427-15FCCE03C533}.Release|x64.Build.0 = Release|Any CPU
		{D494B721-FD5D-4D06-9427-15FCCE03C533}.Release|x86.ActiveCfg = Release|Any CPU
		{D494B721-FD5D-4D06-9427-15FCCE03C533}.Release|x86.Build.0 = Release|Any CPU
		{800A8EF1-00FD-4581-941E-691AFE6634D1}.Debug|Any CPU.ActiveCfg = Debug|Any CPU
		{800A8EF1-00FD-4581-941E-691AFE6634D1}.Debug|Any CPU.Build.0 = Debug|Any CPU
		{800A8EF1-00FD-4581-941E-691AFE6634D1}.Debug|x64.ActiveCfg = Debug|Any CPU
		{800A8EF1-00FD-4581-941E-691AFE6634D1}.Debug|x64.Build.0 = Debug|Any CPU
		{800A8EF1-00FD-4581-941E-691AFE6634D1}.Debug|x86.ActiveCfg = Debug|Any CPU
		{800A8EF1-00FD-4581-941E-691AFE6634D1}.Debug|x86.Build.0 = Debug|Any CPU
		{800A8EF1-00FD-4581-941E-691AFE6634D1}.Release|Any CPU.ActiveCfg = Release|Any CPU
		{800A8EF1-00FD-4581-941E-691AFE6634D1}.Release|Any CPU.Build.0 = Release|Any CPU
		{800A8EF1-00FD-4581-941E-691AFE6634D1}.Release|x64.ActiveCfg = Release|Any CPU
		{800A8EF1-00FD-4581-941E-691AFE6634D1}.Release|x64.Build.0 = Release|Any CPU
		{800A8EF1-00FD-4581-941E-691AFE6634D1}.Release|x86.ActiveCfg = Release|Any CPU
		{800A8EF1-00FD-4581-941E-691AFE6634D1}.Release|x86.Build.0 = Release|Any CPU
		{E84B9637-9560-40B8-8EB9-2B53DAA397B4}.Debug|Any CPU.ActiveCfg = Debug|Any CPU
		{E84B9637-9560-40B8-8EB9-2B53DAA397B4}.Debug|Any CPU.Build.0 = Debug|Any CPU
		{E84B9637-9560-40B8-8EB9-2B53DAA397B4}.Debug|x64.ActiveCfg = Debug|Any CPU
		{E84B9637-9560-40B8-8EB9-2B53DAA397B4}.Debug|x64.Build.0 = Debug|Any CPU
		{E84B9637-9560-40B8-8EB9-2B53DAA397B4}.Debug|x86.ActiveCfg = Debug|Any CPU
		{E84B9637-9560-40B8-8EB9-2B53DAA397B4}.Debug|x86.Build.0 = Debug|Any CPU
		{E84B9637-9560-40B8-8EB9-2B53DAA397B4}.Release|Any CPU.ActiveCfg = Release|Any CPU
		{E84B9637-9560-40B8-8EB9-2B53DAA397B4}.Release|Any CPU.Build.0 = Release|Any CPU
		{E84B9637-9560-40B8-8EB9-2B53DAA397B4}.Release|x64.ActiveCfg = Release|Any CPU
		{E84B9637-9560-40B8-8EB9-2B53DAA397B4}.Release|x64.Build.0 = Release|Any CPU
		{E84B9637-9560-40B8-8EB9-2B53DAA397B4}.Release|x86.ActiveCfg = Release|Any CPU
		{E84B9637-9560-40B8-8EB9-2B53DAA397B4}.Release|x86.Build.0 = Release|Any CPU
		{412E9195-B99C-4A64-B2B1-11CD8CF23C4B}.Debug|Any CPU.ActiveCfg = Debug|Any CPU
		{412E9195-B99C-4A64-B2B1-11CD8CF23C4B}.Debug|Any CPU.Build.0 = Debug|Any CPU
		{412E9195-B99C-4A64-B2B1-11CD8CF23C4B}.Debug|x64.ActiveCfg = Debug|Any CPU
		{412E9195-B99C-4A64-B2B1-11CD8CF23C4B}.Debug|x64.Build.0 = Debug|Any CPU
		{412E9195-B99C-4A64-B2B1-11CD8CF23C4B}.Debug|x86.ActiveCfg = Debug|Any CPU
		{412E9195-B99C-4A64-B2B1-11CD8CF23C4B}.Debug|x86.Build.0 = Debug|Any CPU
		{412E9195-B99C-4A64-B2B1-11CD8CF23C4B}.Release|Any CPU.ActiveCfg = Release|Any CPU
		{412E9195-B99C-4A64-B2B1-11CD8CF23C4B}.Release|Any CPU.Build.0 = Release|Any CPU
		{412E9195-B99C-4A64-B2B1-11CD8CF23C4B}.Release|x64.ActiveCfg = Release|Any CPU
		{412E9195-B99C-4A64-B2B1-11CD8CF23C4B}.Release|x64.Build.0 = Release|Any CPU
		{412E9195-B99C-4A64-B2B1-11CD8CF23C4B}.Release|x86.ActiveCfg = Release|Any CPU
		{412E9195-B99C-4A64-B2B1-11CD8CF23C4B}.Release|x86.Build.0 = Release|Any CPU
		{6C03B0A1-97F6-4F36-9101-298E0BD2856A}.Debug|Any CPU.ActiveCfg = Debug|Any CPU
		{6C03B0A1-97F6-4F36-9101-298E0BD2856A}.Debug|Any CPU.Build.0 = Debug|Any CPU
		{6C03B0A1-97F6-4F36-9101-298E0BD2856A}.Debug|x64.ActiveCfg = Debug|Any CPU
		{6C03B0A1-97F6-4F36-9101-298E0BD2856A}.Debug|x64.Build.0 = Debug|Any CPU
		{6C03B0A1-97F6-4F36-9101-298E0BD2856A}.Debug|x86.ActiveCfg = Debug|Any CPU
		{6C03B0A1-97F6-4F36-9101-298E0BD2856A}.Debug|x86.Build.0 = Debug|Any CPU
		{6C03B0A1-97F6-4F36-9101-298E0BD2856A}.Release|Any CPU.ActiveCfg = Release|Any CPU
		{6C03B0A1-97F6-4F36-9101-298E0BD2856A}.Release|Any CPU.Build.0 = Release|Any CPU
		{6C03B0A1-97F6-4F36-9101-298E0BD2856A}.Release|x64.ActiveCfg = Release|Any CPU
		{6C03B0A1-97F6-4F36-9101-298E0BD2856A}.Release|x64.Build.0 = Release|Any CPU
		{6C03B0A1-97F6-4F36-9101-298E0BD2856A}.Release|x86.ActiveCfg = Release|Any CPU
		{6C03B0A1-97F6-4F36-9101-298E0BD2856A}.Release|x86.Build.0 = Release|Any CPU
		{B70C9818-051F-40BD-8A95-CF481B8984C1}.Debug|Any CPU.ActiveCfg = Debug|Any CPU
		{B70C9818-051F-40BD-8A95-CF481B8984C1}.Debug|Any CPU.Build.0 = Debug|Any CPU
		{B70C9818-051F-40BD-8A95-CF481B8984C1}.Debug|x64.ActiveCfg = Debug|Any CPU
		{B70C9818-051F-40BD-8A95-CF481B8984C1}.Debug|x64.Build.0 = Debug|Any CPU
		{B70C9818-051F-40BD-8A95-CF481B8984C1}.Debug|x86.ActiveCfg = Debug|Any CPU
		{B70C9818-051F-40BD-8A95-CF481B8984C1}.Debug|x86.Build.0 = Debug|Any CPU
		{B70C9818-051F-40BD-8A95-CF481B8984C1}.Release|Any CPU.ActiveCfg = Release|Any CPU
		{B70C9818-051F-40BD-8A95-CF481B8984C1}.Release|Any CPU.Build.0 = Release|Any CPU
		{B70C9818-051F-40BD-8A95-CF481B8984C1}.Release|x64.ActiveCfg = Release|Any CPU
		{B70C9818-051F-40BD-8A95-CF481B8984C1}.Release|x64.Build.0 = Release|Any CPU
		{B70C9818-051F-40BD-8A95-CF481B8984C1}.Release|x86.ActiveCfg = Release|Any CPU
		{B70C9818-051F-40BD-8A95-CF481B8984C1}.Release|x86.Build.0 = Release|Any CPU
		{E50217DD-B469-481B-BAE7-84CA676090E4}.Debug|Any CPU.ActiveCfg = Debug|Any CPU
		{E50217DD-B469-481B-BAE7-84CA676090E4}.Debug|Any CPU.Build.0 = Debug|Any CPU
		{E50217DD-B469-481B-BAE7-84CA676090E4}.Debug|x64.ActiveCfg = Debug|Any CPU
		{E50217DD-B469-481B-BAE7-84CA676090E4}.Debug|x64.Build.0 = Debug|Any CPU
		{E50217DD-B469-481B-BAE7-84CA676090E4}.Debug|x86.ActiveCfg = Debug|Any CPU
		{E50217DD-B469-481B-BAE7-84CA676090E4}.Debug|x86.Build.0 = Debug|Any CPU
		{E50217DD-B469-481B-BAE7-84CA676090E4}.Release|Any CPU.ActiveCfg = Release|Any CPU
		{E50217DD-B469-481B-BAE7-84CA676090E4}.Release|Any CPU.Build.0 = Release|Any CPU
		{E50217DD-B469-481B-BAE7-84CA676090E4}.Release|x64.ActiveCfg = Release|Any CPU
		{E50217DD-B469-481B-BAE7-84CA676090E4}.Release|x64.Build.0 = Release|Any CPU
		{E50217DD-B469-481B-BAE7-84CA676090E4}.Release|x86.ActiveCfg = Release|Any CPU
		{E50217DD-B469-481B-BAE7-84CA676090E4}.Release|x86.Build.0 = Release|Any CPU
		{511097AB-3BBB-438F-98F2-F847A0DFB4C0}.Debug|Any CPU.ActiveCfg = Debug|Any CPU
		{511097AB-3BBB-438F-98F2-F847A0DFB4C0}.Debug|Any CPU.Build.0 = Debug|Any CPU
		{511097AB-3BBB-438F-98F2-F847A0DFB4C0}.Debug|x64.ActiveCfg = Debug|Any CPU
		{511097AB-3BBB-438F-98F2-F847A0DFB4C0}.Debug|x64.Build.0 = Debug|Any CPU
		{511097AB-3BBB-438F-98F2-F847A0DFB4C0}.Debug|x86.ActiveCfg = Debug|Any CPU
		{511097AB-3BBB-438F-98F2-F847A0DFB4C0}.Debug|x86.Build.0 = Debug|Any CPU
		{511097AB-3BBB-438F-98F2-F847A0DFB4C0}.Release|Any CPU.ActiveCfg = Release|Any CPU
		{511097AB-3BBB-438F-98F2-F847A0DFB4C0}.Release|Any CPU.Build.0 = Release|Any CPU
		{511097AB-3BBB-438F-98F2-F847A0DFB4C0}.Release|x64.ActiveCfg = Release|Any CPU
		{511097AB-3BBB-438F-98F2-F847A0DFB4C0}.Release|x64.Build.0 = Release|Any CPU
		{511097AB-3BBB-438F-98F2-F847A0DFB4C0}.Release|x86.ActiveCfg = Release|Any CPU
		{511097AB-3BBB-438F-98F2-F847A0DFB4C0}.Release|x86.Build.0 = Release|Any CPU
		{822F4EAD-3541-4B39-B3AB-AB94FFD458B7}.Debug|Any CPU.ActiveCfg = Debug|Any CPU
		{822F4EAD-3541-4B39-B3AB-AB94FFD458B7}.Debug|Any CPU.Build.0 = Debug|Any CPU
		{822F4EAD-3541-4B39-B3AB-AB94FFD458B7}.Debug|x64.ActiveCfg = Debug|Any CPU
		{822F4EAD-3541-4B39-B3AB-AB94FFD458B7}.Debug|x64.Build.0 = Debug|Any CPU
		{822F4EAD-3541-4B39-B3AB-AB94FFD458B7}.Debug|x86.ActiveCfg = Debug|Any CPU
		{822F4EAD-3541-4B39-B3AB-AB94FFD458B7}.Debug|x86.Build.0 = Debug|Any CPU
		{822F4EAD-3541-4B39-B3AB-AB94FFD458B7}.Release|Any CPU.ActiveCfg = Release|Any CPU
		{822F4EAD-3541-4B39-B3AB-AB94FFD458B7}.Release|Any CPU.Build.0 = Release|Any CPU
		{822F4EAD-3541-4B39-B3AB-AB94FFD458B7}.Release|x64.ActiveCfg = Release|Any CPU
		{822F4EAD-3541-4B39-B3AB-AB94FFD458B7}.Release|x64.Build.0 = Release|Any CPU
		{822F4EAD-3541-4B39-B3AB-AB94FFD458B7}.Release|x86.ActiveCfg = Release|Any CPU
		{822F4EAD-3541-4B39-B3AB-AB94FFD458B7}.Release|x86.Build.0 = Release|Any CPU
		{C7A1BAB1-6528-43C8-814D-EE310A4C4212}.Debug|Any CPU.ActiveCfg = Debug|Any CPU
		{C7A1BAB1-6528-43C8-814D-EE310A4C4212}.Debug|Any CPU.Build.0 = Debug|Any CPU
		{C7A1BAB1-6528-43C8-814D-EE310A4C4212}.Debug|x64.ActiveCfg = Debug|Any CPU
		{C7A1BAB1-6528-43C8-814D-EE310A4C4212}.Debug|x64.Build.0 = Debug|Any CPU
		{C7A1BAB1-6528-43C8-814D-EE310A4C4212}.Debug|x86.ActiveCfg = Debug|Any CPU
		{C7A1BAB1-6528-43C8-814D-EE310A4C4212}.Debug|x86.Build.0 = Debug|Any CPU
		{C7A1BAB1-6528-43C8-814D-EE310A4C4212}.Release|Any CPU.ActiveCfg = Release|Any CPU
		{C7A1BAB1-6528-43C8-814D-EE310A4C4212}.Release|Any CPU.Build.0 = Release|Any CPU
		{C7A1BAB1-6528-43C8-814D-EE310A4C4212}.Release|x64.ActiveCfg = Release|Any CPU
		{C7A1BAB1-6528-43C8-814D-EE310A4C4212}.Release|x64.Build.0 = Release|Any CPU
		{C7A1BAB1-6528-43C8-814D-EE310A4C4212}.Release|x86.ActiveCfg = Release|Any CPU
		{C7A1BAB1-6528-43C8-814D-EE310A4C4212}.Release|x86.Build.0 = Release|Any CPU
		{6DA06027-CDAF-4787-9C10-C9E2B78B23C0}.Debug|Any CPU.ActiveCfg = Debug|Any CPU
		{6DA06027-CDAF-4787-9C10-C9E2B78B23C0}.Debug|Any CPU.Build.0 = Debug|Any CPU
		{6DA06027-CDAF-4787-9C10-C9E2B78B23C0}.Debug|x64.ActiveCfg = Debug|Any CPU
		{6DA06027-CDAF-4787-9C10-C9E2B78B23C0}.Debug|x64.Build.0 = Debug|Any CPU
		{6DA06027-CDAF-4787-9C10-C9E2B78B23C0}.Debug|x86.ActiveCfg = Debug|Any CPU
		{6DA06027-CDAF-4787-9C10-C9E2B78B23C0}.Debug|x86.Build.0 = Debug|Any CPU
		{6DA06027-CDAF-4787-9C10-C9E2B78B23C0}.Release|Any CPU.ActiveCfg = Release|Any CPU
		{6DA06027-CDAF-4787-9C10-C9E2B78B23C0}.Release|Any CPU.Build.0 = Release|Any CPU
		{6DA06027-CDAF-4787-9C10-C9E2B78B23C0}.Release|x64.ActiveCfg = Release|Any CPU
		{6DA06027-CDAF-4787-9C10-C9E2B78B23C0}.Release|x64.Build.0 = Release|Any CPU
		{6DA06027-CDAF-4787-9C10-C9E2B78B23C0}.Release|x86.ActiveCfg = Release|Any CPU
		{6DA06027-CDAF-4787-9C10-C9E2B78B23C0}.Release|x86.Build.0 = Release|Any CPU
		{2DBF1BD0-4270-41A5-B93F-02408D6C3C2F}.Debug|Any CPU.ActiveCfg = Debug|Any CPU
		{2DBF1BD0-4270-41A5-B93F-02408D6C3C2F}.Debug|Any CPU.Build.0 = Debug|Any CPU
		{2DBF1BD0-4270-41A5-B93F-02408D6C3C2F}.Debug|x64.ActiveCfg = Debug|Any CPU
		{2DBF1BD0-4270-41A5-B93F-02408D6C3C2F}.Debug|x64.Build.0 = Debug|Any CPU
		{2DBF1BD0-4270-41A5-B93F-02408D6C3C2F}.Debug|x86.ActiveCfg = Debug|Any CPU
		{2DBF1BD0-4270-41A5-B93F-02408D6C3C2F}.Debug|x86.Build.0 = Debug|Any CPU
		{2DBF1BD0-4270-41A5-B93F-02408D6C3C2F}.Release|Any CPU.ActiveCfg = Release|Any CPU
		{2DBF1BD0-4270-41A5-B93F-02408D6C3C2F}.Release|Any CPU.Build.0 = Release|Any CPU
		{2DBF1BD0-4270-41A5-B93F-02408D6C3C2F}.Release|x64.ActiveCfg = Release|Any CPU
		{2DBF1BD0-4270-41A5-B93F-02408D6C3C2F}.Release|x64.Build.0 = Release|Any CPU
		{2DBF1BD0-4270-41A5-B93F-02408D6C3C2F}.Release|x86.ActiveCfg = Release|Any CPU
		{2DBF1BD0-4270-41A5-B93F-02408D6C3C2F}.Release|x86.Build.0 = Release|Any CPU
		{3446A9CB-385C-4DF6-B854-1BB0D4BC8C0E}.Debug|Any CPU.ActiveCfg = Debug|Any CPU
		{3446A9CB-385C-4DF6-B854-1BB0D4BC8C0E}.Debug|Any CPU.Build.0 = Debug|Any CPU
		{3446A9CB-385C-4DF6-B854-1BB0D4BC8C0E}.Debug|x64.ActiveCfg = Debug|Any CPU
		{3446A9CB-385C-4DF6-B854-1BB0D4BC8C0E}.Debug|x64.Build.0 = Debug|Any CPU
		{3446A9CB-385C-4DF6-B854-1BB0D4BC8C0E}.Debug|x86.ActiveCfg = Debug|Any CPU
		{3446A9CB-385C-4DF6-B854-1BB0D4BC8C0E}.Debug|x86.Build.0 = Debug|Any CPU
		{3446A9CB-385C-4DF6-B854-1BB0D4BC8C0E}.Release|Any CPU.ActiveCfg = Release|Any CPU
		{3446A9CB-385C-4DF6-B854-1BB0D4BC8C0E}.Release|Any CPU.Build.0 = Release|Any CPU
		{3446A9CB-385C-4DF6-B854-1BB0D4BC8C0E}.Release|x64.ActiveCfg = Release|Any CPU
		{3446A9CB-385C-4DF6-B854-1BB0D4BC8C0E}.Release|x64.Build.0 = Release|Any CPU
		{3446A9CB-385C-4DF6-B854-1BB0D4BC8C0E}.Release|x86.ActiveCfg = Release|Any CPU
		{3446A9CB-385C-4DF6-B854-1BB0D4BC8C0E}.Release|x86.Build.0 = Release|Any CPU
		{6588EDA0-2023-46B1-8E01-639E64657FC7}.Debug|Any CPU.ActiveCfg = Debug|Any CPU
		{6588EDA0-2023-46B1-8E01-639E64657FC7}.Debug|Any CPU.Build.0 = Debug|Any CPU
		{6588EDA0-2023-46B1-8E01-639E64657FC7}.Debug|x64.ActiveCfg = Debug|Any CPU
		{6588EDA0-2023-46B1-8E01-639E64657FC7}.Debug|x64.Build.0 = Debug|Any CPU
		{6588EDA0-2023-46B1-8E01-639E64657FC7}.Debug|x86.ActiveCfg = Debug|Any CPU
		{6588EDA0-2023-46B1-8E01-639E64657FC7}.Debug|x86.Build.0 = Debug|Any CPU
		{6588EDA0-2023-46B1-8E01-639E64657FC7}.Release|Any CPU.ActiveCfg = Release|Any CPU
		{6588EDA0-2023-46B1-8E01-639E64657FC7}.Release|Any CPU.Build.0 = Release|Any CPU
		{6588EDA0-2023-46B1-8E01-639E64657FC7}.Release|x64.ActiveCfg = Release|Any CPU
		{6588EDA0-2023-46B1-8E01-639E64657FC7}.Release|x64.Build.0 = Release|Any CPU
		{6588EDA0-2023-46B1-8E01-639E64657FC7}.Release|x86.ActiveCfg = Release|Any CPU
		{6588EDA0-2023-46B1-8E01-639E64657FC7}.Release|x86.Build.0 = Release|Any CPU
		{284F3798-6054-4601-BE79-0D09CB648463}.Debug|Any CPU.ActiveCfg = Debug|Any CPU
		{284F3798-6054-4601-BE79-0D09CB648463}.Debug|Any CPU.Build.0 = Debug|Any CPU
		{284F3798-6054-4601-BE79-0D09CB648463}.Debug|x64.ActiveCfg = Debug|Any CPU
		{284F3798-6054-4601-BE79-0D09CB648463}.Debug|x64.Build.0 = Debug|Any CPU
		{284F3798-6054-4601-BE79-0D09CB648463}.Debug|x86.ActiveCfg = Debug|Any CPU
		{284F3798-6054-4601-BE79-0D09CB648463}.Debug|x86.Build.0 = Debug|Any CPU
		{284F3798-6054-4601-BE79-0D09CB648463}.Release|Any CPU.ActiveCfg = Release|Any CPU
		{284F3798-6054-4601-BE79-0D09CB648463}.Release|Any CPU.Build.0 = Release|Any CPU
		{284F3798-6054-4601-BE79-0D09CB648463}.Release|x64.ActiveCfg = Release|Any CPU
		{284F3798-6054-4601-BE79-0D09CB648463}.Release|x64.Build.0 = Release|Any CPU
		{284F3798-6054-4601-BE79-0D09CB648463}.Release|x86.ActiveCfg = Release|Any CPU
		{284F3798-6054-4601-BE79-0D09CB648463}.Release|x86.Build.0 = Release|Any CPU
		{A46877D6-AD57-46DC-9CDA-AA6D5833FD36}.Debug|Any CPU.ActiveCfg = Debug|Any CPU
		{A46877D6-AD57-46DC-9CDA-AA6D5833FD36}.Debug|Any CPU.Build.0 = Debug|Any CPU
		{A46877D6-AD57-46DC-9CDA-AA6D5833FD36}.Debug|x64.ActiveCfg = Debug|Any CPU
		{A46877D6-AD57-46DC-9CDA-AA6D5833FD36}.Debug|x64.Build.0 = Debug|Any CPU
		{A46877D6-AD57-46DC-9CDA-AA6D5833FD36}.Debug|x86.ActiveCfg = Debug|Any CPU
		{A46877D6-AD57-46DC-9CDA-AA6D5833FD36}.Debug|x86.Build.0 = Debug|Any CPU
		{A46877D6-AD57-46DC-9CDA-AA6D5833FD36}.Release|Any CPU.ActiveCfg = Release|Any CPU
		{A46877D6-AD57-46DC-9CDA-AA6D5833FD36}.Release|Any CPU.Build.0 = Release|Any CPU
		{A46877D6-AD57-46DC-9CDA-AA6D5833FD36}.Release|x64.ActiveCfg = Release|Any CPU
		{A46877D6-AD57-46DC-9CDA-AA6D5833FD36}.Release|x64.Build.0 = Release|Any CPU
		{A46877D6-AD57-46DC-9CDA-AA6D5833FD36}.Release|x86.ActiveCfg = Release|Any CPU
		{A46877D6-AD57-46DC-9CDA-AA6D5833FD36}.Release|x86.Build.0 = Release|Any CPU
		{86394441-8BD3-4689-8EC3-BF1EEA577B63}.Debug|Any CPU.ActiveCfg = Debug|Any CPU
		{86394441-8BD3-4689-8EC3-BF1EEA577B63}.Debug|Any CPU.Build.0 = Debug|Any CPU
		{86394441-8BD3-4689-8EC3-BF1EEA577B63}.Debug|x64.ActiveCfg = Debug|Any CPU
		{86394441-8BD3-4689-8EC3-BF1EEA577B63}.Debug|x64.Build.0 = Debug|Any CPU
		{86394441-8BD3-4689-8EC3-BF1EEA577B63}.Debug|x86.ActiveCfg = Debug|Any CPU
		{86394441-8BD3-4689-8EC3-BF1EEA577B63}.Debug|x86.Build.0 = Debug|Any CPU
		{86394441-8BD3-4689-8EC3-BF1EEA577B63}.Release|Any CPU.ActiveCfg = Release|Any CPU
		{86394441-8BD3-4689-8EC3-BF1EEA577B63}.Release|Any CPU.Build.0 = Release|Any CPU
		{86394441-8BD3-4689-8EC3-BF1EEA577B63}.Release|x64.ActiveCfg = Release|Any CPU
		{86394441-8BD3-4689-8EC3-BF1EEA577B63}.Release|x64.Build.0 = Release|Any CPU
		{86394441-8BD3-4689-8EC3-BF1EEA577B63}.Release|x86.ActiveCfg = Release|Any CPU
		{86394441-8BD3-4689-8EC3-BF1EEA577B63}.Release|x86.Build.0 = Release|Any CPU
		{BC57901C-B311-477C-B46A-A2A43D4CF8A5}.Debug|Any CPU.ActiveCfg = Debug|Any CPU
		{BC57901C-B311-477C-B46A-A2A43D4CF8A5}.Debug|Any CPU.Build.0 = Debug|Any CPU
		{BC57901C-B311-477C-B46A-A2A43D4CF8A5}.Debug|x64.ActiveCfg = Debug|Any CPU
		{BC57901C-B311-477C-B46A-A2A43D4CF8A5}.Debug|x64.Build.0 = Debug|Any CPU
		{BC57901C-B311-477C-B46A-A2A43D4CF8A5}.Debug|x86.ActiveCfg = Debug|Any CPU
		{BC57901C-B311-477C-B46A-A2A43D4CF8A5}.Debug|x86.Build.0 = Debug|Any CPU
		{BC57901C-B311-477C-B46A-A2A43D4CF8A5}.Release|Any CPU.ActiveCfg = Release|Any CPU
		{BC57901C-B311-477C-B46A-A2A43D4CF8A5}.Release|Any CPU.Build.0 = Release|Any CPU
		{BC57901C-B311-477C-B46A-A2A43D4CF8A5}.Release|x64.ActiveCfg = Release|Any CPU
		{BC57901C-B311-477C-B46A-A2A43D4CF8A5}.Release|x64.Build.0 = Release|Any CPU
		{BC57901C-B311-477C-B46A-A2A43D4CF8A5}.Release|x86.ActiveCfg = Release|Any CPU
		{BC57901C-B311-477C-B46A-A2A43D4CF8A5}.Release|x86.Build.0 = Release|Any CPU
		{12A22D2E-92E9-44AE-8357-1A9B5956656A}.Debug|Any CPU.ActiveCfg = Debug|Any CPU
		{12A22D2E-92E9-44AE-8357-1A9B5956656A}.Debug|Any CPU.Build.0 = Debug|Any CPU
		{12A22D2E-92E9-44AE-8357-1A9B5956656A}.Debug|x64.ActiveCfg = Debug|Any CPU
		{12A22D2E-92E9-44AE-8357-1A9B5956656A}.Debug|x64.Build.0 = Debug|Any CPU
		{12A22D2E-92E9-44AE-8357-1A9B5956656A}.Debug|x86.ActiveCfg = Debug|Any CPU
		{12A22D2E-92E9-44AE-8357-1A9B5956656A}.Debug|x86.Build.0 = Debug|Any CPU
		{12A22D2E-92E9-44AE-8357-1A9B5956656A}.Release|Any CPU.ActiveCfg = Release|Any CPU
		{12A22D2E-92E9-44AE-8357-1A9B5956656A}.Release|Any CPU.Build.0 = Release|Any CPU
		{12A22D2E-92E9-44AE-8357-1A9B5956656A}.Release|x64.ActiveCfg = Release|Any CPU
		{12A22D2E-92E9-44AE-8357-1A9B5956656A}.Release|x64.Build.0 = Release|Any CPU
		{12A22D2E-92E9-44AE-8357-1A9B5956656A}.Release|x86.ActiveCfg = Release|Any CPU
		{12A22D2E-92E9-44AE-8357-1A9B5956656A}.Release|x86.Build.0 = Release|Any CPU
		{7663E9D4-E6C4-4324-9A78-E982037D26C5}.Debug|Any CPU.ActiveCfg = Debug|Any CPU
		{7663E9D4-E6C4-4324-9A78-E982037D26C5}.Debug|Any CPU.Build.0 = Debug|Any CPU
		{7663E9D4-E6C4-4324-9A78-E982037D26C5}.Debug|x64.ActiveCfg = Debug|Any CPU
		{7663E9D4-E6C4-4324-9A78-E982037D26C5}.Debug|x64.Build.0 = Debug|Any CPU
		{7663E9D4-E6C4-4324-9A78-E982037D26C5}.Debug|x86.ActiveCfg = Debug|Any CPU
		{7663E9D4-E6C4-4324-9A78-E982037D26C5}.Debug|x86.Build.0 = Debug|Any CPU
		{7663E9D4-E6C4-4324-9A78-E982037D26C5}.Release|Any CPU.ActiveCfg = Release|Any CPU
		{7663E9D4-E6C4-4324-9A78-E982037D26C5}.Release|Any CPU.Build.0 = Release|Any CPU
		{7663E9D4-E6C4-4324-9A78-E982037D26C5}.Release|x64.ActiveCfg = Release|Any CPU
		{7663E9D4-E6C4-4324-9A78-E982037D26C5}.Release|x64.Build.0 = Release|Any CPU
		{7663E9D4-E6C4-4324-9A78-E982037D26C5}.Release|x86.ActiveCfg = Release|Any CPU
		{7663E9D4-E6C4-4324-9A78-E982037D26C5}.Release|x86.Build.0 = Release|Any CPU
	EndGlobalSection
	GlobalSection(SolutionProperties) = preSolution
		HideSolutionNode = FALSE
	EndGlobalSection
	GlobalSection(NestedProjects) = preSolution
		{E84B9637-9560-40B8-8EB9-2B53DAA397B4} = {5D20AA90-6969-D8BD-9DCD-8634F4692FDA}
		{E50217DD-B469-481B-BAE7-84CA676090E4} = {5D20AA90-6969-D8BD-9DCD-8634F4692FDA}
		{511097AB-3BBB-438F-98F2-F847A0DFB4C0} = {5D20AA90-6969-D8BD-9DCD-8634F4692FDA}
		{6DA06027-CDAF-4787-9C10-C9E2B78B23C0} = {5D20AA90-6969-D8BD-9DCD-8634F4692FDA}
		{2DBF1BD0-4270-41A5-B93F-02408D6C3C2F} = {5D20AA90-6969-D8BD-9DCD-8634F4692FDA}
		{3446A9CB-385C-4DF6-B854-1BB0D4BC8C0E} = {5D20AA90-6969-D8BD-9DCD-8634F4692FDA}
		{6588EDA0-2023-46B1-8E01-639E64657FC7} = {5D20AA90-6969-D8BD-9DCD-8634F4692FDA}
		{284F3798-6054-4601-BE79-0D09CB648463} = {5D20AA90-6969-D8BD-9DCD-8634F4692FDA}
		{09B8634A-8A45-E329-C7E8-D6730E20975A} = {5D20AA90-6969-D8BD-9DCD-8634F4692FDA}
		{A205F63E-9262-A6EA-1259-2AB8D6A6526A} = {09B8634A-8A45-E329-C7E8-D6730E20975A}
		{86394441-8BD3-4689-8EC3-BF1EEA577B63} = {A205F63E-9262-A6EA-1259-2AB8D6A6526A}
		{6C168FF4-8DAB-005B-2724-B3F566025DC8} = {09B8634A-8A45-E329-C7E8-D6730E20975A}
		{BC57901C-B311-477C-B46A-A2A43D4CF8A5} = {6C168FF4-8DAB-005B-2724-B3F566025DC8}
	EndGlobalSection
EndGlobal
