
Microsoft Visual Studio Solution File, Format Version 12.00
# Visual Studio Version 17
VisualStudioVersion = 17.0.31903.59
MinimumVisualStudioVersion = 10.0.40219.1
Project("{FAE04EC0-301F-11D3-BF4B-00C04F79EFBC}") = "CloudShell.Host", "CloudShell.Host\CloudShell.Host.csproj", "{739E3295-8A20-4EBB-A9EE-A6F4A1D65A95}"
EndProject
Project("{FAE04EC0-301F-11D3-BF4B-00C04F79EFBC}") = "CloudShell.Abstractions", "CloudShell.Abstractions\CloudShell.Abstractions.csproj", "{3266CD09-615B-4E0C-8EFE-9AEC93AB932A}"
EndProject
Project("{FAE04EC0-301F-11D3-BF4B-00C04F79EFBC}") = "CloudShell.Abstractions.Tests", "CloudShell.Abstractions.Tests\CloudShell.Abstractions.Tests.csproj", "{43364D55-A5B4-4E5A-B3EC-BD41F9AE1A79}"
EndProject
Project("{FAE04EC0-301F-11D3-BF4B-00C04F79EFBC}") = "CloudShell.Persistence", "CloudShell.Persistence\CloudShell.Persistence.csproj", "{8529CD5E-1232-4863-9A54-328504FCDCE4}"
EndProject
Project("{FAE04EC0-301F-11D3-BF4B-00C04F79EFBC}") = "CloudShell.ControlPlane", "CloudShell.ControlPlane\CloudShell.ControlPlane.csproj", "{D494B721-FD5D-4D06-9427-15FCCE03C533}"
EndProject
Project("{2150E333-8FDC-42A3-9474-1A3956D46DE8}") = "samples", "samples", "{5D20AA90-6969-D8BD-9DCD-8634F4692FDA}"
EndProject
Project("{2150E333-8FDC-42A3-9474-1A3956D46DE8}") = "CloudShell.ExampleWebApi", "CloudShell.ExampleWebApi", "{693D48D2-2BCB-42BB-B49B-93630CD16543}"
EndProject
Project("{FAE04EC0-301F-11D3-BF4B-00C04F79EFBC}") = "CloudShell.ExampleWebApi", "samples\CloudShell.ExampleWebApi\CloudShell.ExampleWebApi.csproj", "{E84B9637-9560-40B8-8EB9-2B53DAA397B4}"
EndProject
Project("{FAE04EC0-301F-11D3-BF4B-00C04F79EFBC}") = "CloudShell.Configuration", "CloudShell.Configuration\CloudShell.Configuration.csproj", "{6C03B0A1-97F6-4F36-9101-298E0BD2856A}"
EndProject
Project("{FAE04EC0-301F-11D3-BF4B-00C04F79EFBC}") = "CloudShell.ConfigurationStoreService", "CloudShell.ConfigurationStoreService\CloudShell.ConfigurationStoreService.csproj", "{B70C9818-051F-40BD-8A95-CF481B8984C1}"
EndProject
Project("{2150E333-8FDC-42A3-9474-1A3956D46DE8}") = "CloudShell.UiExtensionHost", "CloudShell.UiExtensionHost", "{8FCBC369-CBEF-4DD4-84BF-52E20975F37B}"
EndProject
Project("{FAE04EC0-301F-11D3-BF4B-00C04F79EFBC}") = "CloudShell.UiExtensionHost", "samples\CloudShell.UiExtensionHost\CloudShell.UiExtensionHost.csproj", "{E50217DD-B469-481B-BAE7-84CA676090E4}"
EndProject
Project("{2150E333-8FDC-42A3-9474-1A3956D46DE8}") = "CloudShell.ResourceHost", "CloudShell.ResourceHost", "{5F073407-69B2-4BD2-B33A-36A0688F9AA5}"
EndProject
Project("{FAE04EC0-301F-11D3-BF4B-00C04F79EFBC}") = "CloudShell.ResourceHost", "samples\CloudShell.ResourceHost\CloudShell.ResourceHost.csproj", "{511097AB-3BBB-438F-98F2-F847A0DFB4C0}"
EndProject
Project("{FAE04EC0-301F-11D3-BF4B-00C04F79EFBC}") = "CloudShell.Hosting", "CloudShell.Hosting\CloudShell.Hosting.csproj", "{822F4EAD-3541-4B39-B3AB-AB94FFD458B7}"
EndProject
Project("{FAE04EC0-301F-11D3-BF4B-00C04F79EFBC}") = "CloudShell.Providers.DockerCompose", "CloudShell.Providers.DockerCompose\CloudShell.Providers.DockerCompose.csproj", "{C7A1BAB1-6528-43C8-814D-EE310A4C4212}"
EndProject
Project("{2150E333-8FDC-42A3-9474-1A3956D46DE8}") = "CloudShell.ContainerHost", "CloudShell.ContainerHost", "{EC7F2684-CB12-43F3-9A91-2805E4E3CFA3}"
EndProject
Project("{FAE04EC0-301F-11D3-BF4B-00C04F79EFBC}") = "CloudShell.ContainerHost", "samples\CloudShell.ContainerHost\CloudShell.ContainerHost.csproj", "{6DA06027-CDAF-4787-9C10-C9E2B78B23C0}"
EndProject
Project("{2150E333-8FDC-42A3-9474-1A3956D46DE8}") = "ProjectReference", "ProjectReference", "{B1EC2B45-C247-4683-B266-2028B8472044}"
EndProject
Project("{2150E333-8FDC-42A3-9474-1A3956D46DE8}") = "Host", "Host", "{B106B2E6-208B-4C8C-A555-BA0A9CB9EF03}"
EndProject
Project("{FAE04EC0-301F-11D3-BF4B-00C04F79EFBC}") = "CloudShell.ProjectReferenceHost", "samples\ProjectReference\Host\CloudShell.ProjectReferenceHost.csproj", "{2DBF1BD0-4270-41A5-B93F-02408D6C3C2F}"
EndProject
Project("{2150E333-8FDC-42A3-9474-1A3956D46DE8}") = "Api", "Api", "{D4264254-68C6-44EC-9F1D-9D973297ABD0}"
EndProject
Project("{FAE04EC0-301F-11D3-BF4B-00C04F79EFBC}") = "CloudShell.ProjectReferenceApi", "samples\ProjectReference\Api\CloudShell.ProjectReferenceApi.csproj", "{3446A9CB-385C-4DF6-B854-1BB0D4BC8C0E}"
EndProject
Project("{2150E333-8FDC-42A3-9474-1A3956D46DE8}") = "Frontend", "Frontend", "{48E333F3-86D9-4D7E-A596-490A9A3EB25C}"
EndProject
Project("{FAE04EC0-301F-11D3-BF4B-00C04F79EFBC}") = "CloudShell.ProjectReferenceFrontend", "samples\ProjectReference\Frontend\CloudShell.ProjectReferenceFrontend.csproj", "{6588EDA0-2023-46B1-8E01-639E64657FC7}"
EndProject
Project("{2150E333-8FDC-42A3-9474-1A3956D46DE8}") = "ServiceDefaults", "ServiceDefaults", "{E11C69E9-F3C4-4FEB-80BE-638E2C9AFD6A}"
EndProject
Project("{FAE04EC0-301F-11D3-BF4B-00C04F79EFBC}") = "CloudShell.ProjectReference.ServiceDefaults", "samples\ProjectReference\ServiceDefaults\CloudShell.ProjectReference.ServiceDefaults.csproj", "{284F3798-6054-4601-BE79-0D09CB648463}"
EndProject
Project("{FAE04EC0-301F-11D3-BF4B-00C04F79EFBC}") = "CloudShell.ControlPlane.Client", "CloudShell.ControlPlane.Client\CloudShell.ControlPlane.Client.csproj", "{A46877D6-AD57-46DC-9CDA-AA6D5833FD36}"
EndProject
Project("{2150E333-8FDC-42A3-9474-1A3956D46DE8}") = "SplitHosting", "SplitHosting", "{09B8634A-8A45-E329-C7E8-D6730E20975A}"
EndProject
Project("{2150E333-8FDC-42A3-9474-1A3956D46DE8}") = "ControlPlane", "ControlPlane", "{A205F63E-9262-A6EA-1259-2AB8D6A6526A}"
EndProject
Project("{FAE04EC0-301F-11D3-BF4B-00C04F79EFBC}") = "CloudShell.SplitHosting.ControlPlane", "samples\SplitHosting\ControlPlane\CloudShell.SplitHosting.ControlPlane.csproj", "{86394441-8BD3-4689-8EC3-BF1EEA577B63}"
EndProject
Project("{2150E333-8FDC-42A3-9474-1A3956D46DE8}") = "UI", "UI", "{6C168FF4-8DAB-005B-2724-B3F566025DC8}"
EndProject
Project("{FAE04EC0-301F-11D3-BF4B-00C04F79EFBC}") = "CloudShell.SplitHosting.UI", "samples\SplitHosting\UI\CloudShell.SplitHosting.UI.csproj", "{BC57901C-B311-477C-B46A-A2A43D4CF8A5}"
EndProject
Project("{FAE04EC0-301F-11D3-BF4B-00C04F79EFBC}") = "CloudShell.ControlPlane.Client.Tests", "CloudShell.ControlPlane.Client.Tests\CloudShell.ControlPlane.Client.Tests.csproj", "{12A22D2E-92E9-44AE-8357-1A9B5956656A}"
EndProject
Project("{FAE04EC0-301F-11D3-BF4B-00C04F79EFBC}") = "CloudShell.Sample.Tests", "CloudShell.Sample.Tests\CloudShell.Sample.Tests.csproj", "{7663E9D4-E6C4-4324-9A78-E982037D26C5}"
EndProject
Project("{FAE04EC0-301F-11D3-BF4B-00C04F79EFBC}") = "CloudShell.ControlPlane.Tests", "CloudShell.ControlPlane.Tests\CloudShell.ControlPlane.Tests.csproj", "{83D5B8B5-F9CB-450C-88E2-9E24A567AC0E}"
EndProject
Project("{FAE04EC0-301F-11D3-BF4B-00C04F79EFBC}") = "CloudShell.Components", "CloudShell.Components\CloudShell.Components.csproj", "{17D2B719-24B5-484F-8382-1F2603B68A8B}"
EndProject
Project("{2150E333-8FDC-42A3-9474-1A3956D46DE8}") = "ContainerAppDeployment", "ContainerAppDeployment", "{B6DC7F54-4D8A-AE8C-73BE-91B346521EA2}"
EndProject
Project("{FAE04EC0-301F-11D3-BF4B-00C04F79EFBC}") = "CloudShell.ContainerAppDeployment", "samples\ContainerAppDeployment\CloudShell.ContainerAppDeployment.csproj", "{8707DA8F-AC9C-49F5-B0AA-8F972AEF799A}"
EndProject
Project("{2150E333-8FDC-42A3-9474-1A3956D46DE8}") = "ReplicatedContainerHealth", "ReplicatedContainerHealth", "{7AA6D428-DB47-4449-8017-B1778EAFC4D0}"
EndProject
Project("{FAE04EC0-301F-11D3-BF4B-00C04F79EFBC}") = "CloudShell.ReplicatedContainerHealth", "samples\ReplicatedContainerHealth\CloudShell.ReplicatedContainerHealth.csproj", "{8EC0D5E7-9FB7-4E5F-8651-9AD3B4A81015}"
EndProject
Project("{2150E333-8FDC-42A3-9474-1A3956D46DE8}") = "HostVirtualNetwork", "HostVirtualNetwork", "{8A719913-8E05-9940-C524-29DCC2561D48}"
EndProject
Project("{FAE04EC0-301F-11D3-BF4B-00C04F79EFBC}") = "CloudShell.HostVirtualNetwork", "samples\HostVirtualNetwork\CloudShell.HostVirtualNetwork.csproj", "{2EC36517-3149-4BC9-B7B1-05E3DF7A16B2}"
EndProject
Project("{FAE04EC0-301F-11D3-BF4B-00C04F79EFBC}") = "CloudShell.Providers.Traefik", "CloudShell.Providers.Traefik\CloudShell.Providers.Traefik.csproj", "{DB96B5F1-D041-4FFD-B440-9166B59D7ADA}"
EndProject
Project("{2150E333-8FDC-42A3-9474-1A3956D46DE8}") = "LoadBalancer", "LoadBalancer", "{45FC5DDE-7E80-78D9-08E5-F92CCC639C2A}"
EndProject
Project("{FAE04EC0-301F-11D3-BF4B-00C04F79EFBC}") = "CloudShell.LoadBalancer", "samples\LoadBalancer\CloudShell.LoadBalancer.csproj", "{FDDF0ED5-B770-473F-9A2F-5E42EB45FF0B}"
EndProject
Project("{2150E333-8FDC-42A3-9474-1A3956D46DE8}") = "SettingsAndSecrets", "SettingsAndSecrets", "{67ACE650-583F-34B5-7BA9-757A0AD3D001}"
EndProject
Project("{FAE04EC0-301F-11D3-BF4B-00C04F79EFBC}") = "CloudShell.SettingsAndSecrets", "samples\SettingsAndSecrets\CloudShell.SettingsAndSecrets.csproj", "{8321E538-1E1A-4510-8541-920B07FB879F}"
EndProject
Project("{FAE04EC0-301F-11D3-BF4B-00C04F79EFBC}") = "CloudShell.SecretsVaultService", "CloudShell.SecretsVaultService\CloudShell.SecretsVaultService.csproj", "{3736D4B7-5A13-489A-8894-BBCCE136587B}"
EndProject
Project("{2150E333-8FDC-42A3-9474-1A3956D46DE8}") = "ResourceIdentityCredential", "ResourceIdentityCredential", "{B7CE67B7-CE36-55D7-5252-0543029844D0}"
EndProject
Project("{FAE04EC0-301F-11D3-BF4B-00C04F79EFBC}") = "CloudShell.ResourceIdentityCredential", "samples\ResourceIdentityCredential\CloudShell.ResourceIdentityCredential.csproj", "{BA1AB8F2-1D17-4B1F-8675-122F9D5DF96E}"
EndProject
Project("{FAE04EC0-301F-11D3-BF4B-00C04F79EFBC}") = "CloudShell.Client", "CloudShell.Client\CloudShell.Client.csproj", "{0EFD68BC-2B91-46F8-BE82-7647B3CB181A}"
EndProject
Project("{FAE04EC0-301F-11D3-BF4B-00C04F79EFBC}") = "CloudShell.Configuration.Client", "CloudShell.Configuration.Client\CloudShell.Configuration.Client.csproj", "{891712DF-5A25-471F-BB78-551692978D27}"
EndProject
Project("{FAE04EC0-301F-11D3-BF4B-00C04F79EFBC}") = "CloudShell.Secrets.Client", "CloudShell.Secrets.Client\CloudShell.Secrets.Client.csproj", "{DFA34EBB-121B-47BF-A57C-5F3A8AA128F6}"
EndProject
Project("{FAE04EC0-301F-11D3-BF4B-00C04F79EFBC}") = "CloudShell.Client.Tests", "CloudShell.Client.Tests\CloudShell.Client.Tests.csproj", "{36FEE4BF-4745-4338-B3ED-20D72B711DB9}"
EndProject
Project("{2150E333-8FDC-42A3-9474-1A3956D46DE8}") = "ThirdPartyIdentity", "ThirdPartyIdentity", "{598277F7-A96D-9819-2B93-BF408E15A802}"
EndProject
Project("{FAE04EC0-301F-11D3-BF4B-00C04F79EFBC}") = "CloudShell.ThirdPartyIdentity", "samples\ThirdPartyIdentity\CloudShell.ThirdPartyIdentity.csproj", "{97AD13F7-7D03-4BC4-A2EC-061C3CB821AF}"
EndProject
Project("{2150E333-8FDC-42A3-9474-1A3956D46DE8}") = "Api", "Api", "{3AC9FDAF-F370-0836-E996-E29BE5B35497}"
EndProject
Project("{FAE04EC0-301F-11D3-BF4B-00C04F79EFBC}") = "CloudShell.ThirdPartyIdentity.Api", "samples\ThirdPartyIdentity\Api\CloudShell.ThirdPartyIdentity.Api.csproj", "{86E106F2-C0C1-4060-B028-E23C030AE725}"
EndProject
Project("{FAE04EC0-301F-11D3-BF4B-00C04F79EFBC}") = "CloudShell.UI.Composition", "CloudShell.UI.Composition\CloudShell.UI.Composition.csproj", "{BB43C2C2-5755-4371-9956-E4C8C5F310C6}"
EndProject
Project("{FAE04EC0-301F-11D3-BF4B-00C04F79EFBC}") = "CloudShell.UI.Composition.Blazor", "CloudShell.UI.Composition.Blazor\CloudShell.UI.Composition.Blazor.csproj", "{76D2ED9A-6081-4962-8564-6352D05A15C2}"
EndProject
Project("{2150E333-8FDC-42A3-9474-1A3956D46DE8}") = "CompositionSandbox", "CompositionSandbox", "{5978954A-9992-9E64-D910-9FD1854191A8}"
EndProject
Project("{FAE04EC0-301F-11D3-BF4B-00C04F79EFBC}") = "CloudShell.CompositionSandbox", "samples\CompositionSandbox\CloudShell.CompositionSandbox.csproj", "{67A2799C-EF04-40E7-A33D-E047CD09B130}"
EndProject
Project("{FAE04EC0-301F-11D3-BF4B-00C04F79EFBC}") = "CloudShell.UI.Composition.Tests", "CloudShell.UI.Composition.Tests\CloudShell.UI.Composition.Tests.csproj", "{6A4600BD-37D5-4E73-937D-99CEE1646C64}"
EndProject
Project("{FAE04EC0-301F-11D3-BF4B-00C04F79EFBC}") = "CloudShell.SqlServer.Client", "CloudShell.SqlServer.Client\CloudShell.SqlServer.Client.csproj", "{2ABC6C75-FCCB-47B6-B2BB-8013AC96C10A}"
EndProject
Project("{FAE04EC0-301F-11D3-BF4B-00C04F79EFBC}") = "CloudShell.ResourceDefinitions", "CloudShell.ResourceDefinitions\CloudShell.ResourceDefinitions.csproj", "{2808BD7C-4EFF-4604-B50C-997F4B39420A}"
EndProject
Project("{FAE04EC0-301F-11D3-BF4B-00C04F79EFBC}") = "CloudShell.ResourceDefinitions.Tests", "CloudShell.ResourceDefinitions.Tests\CloudShell.ResourceDefinitions.Tests.csproj", "{01356035-636F-4DA6-A632-83299460DE30}"
EndProject
Project("{FAE04EC0-301F-11D3-BF4B-00C04F79EFBC}") = "CloudShell.ResourceDefinitions.ReferenceProviders", "CloudShell.ResourceDefinitions.ReferenceProviders\CloudShell.ResourceDefinitions.ReferenceProviders.csproj", "{9676260E-825E-409A-843F-651A6A777D31}"
EndProject
Project("{FAE04EC0-301F-11D3-BF4B-00C04F79EFBC}") = "CloudShell.ResourceDefinitions.ResourceManager", "CloudShell.ResourceDefinitions.ResourceManager\CloudShell.ResourceDefinitions.ResourceManager.csproj", "{5CC35EC0-D916-44A3-A0EA-6D2E755D7041}"
EndProject
Project("{FAE04EC0-301F-11D3-BF4B-00C04F79EFBC}") = "CloudShell.ResourceDefinitions.ReferenceProviders.ResourceManager", "CloudShell.ResourceDefinitions.ReferenceProviders.ResourceManager\CloudShell.ResourceDefinitions.ReferenceProviders.ResourceManager.csproj", "{63B0B75A-8375-447E-BC2D-30A95DF2370C}"
EndProject
Project("{FAE04EC0-301F-11D3-BF4B-00C04F79EFBC}") = "CloudShell.ResourceDefinitions.ReferenceProviders.ResourceManager.UI", "CloudShell.ResourceDefinitions.ReferenceProviders.ResourceManager.UI\CloudShell.ResourceDefinitions.ReferenceProviders.ResourceManager.UI.csproj", "{36855727-61C3-4C61-8249-F26BB1A694BD}"
EndProject
Global
	GlobalSection(SolutionConfigurationPlatforms) = preSolution
		Debug|Any CPU = Debug|Any CPU
		Debug|x64 = Debug|x64
		Debug|x86 = Debug|x86
		Release|Any CPU = Release|Any CPU
		Release|x64 = Release|x64
		Release|x86 = Release|x86
	EndGlobalSection
	GlobalSection(ProjectConfigurationPlatforms) = postSolution
		{739E3295-8A20-4EBB-A9EE-A6F4A1D65A95}.Debug|Any CPU.ActiveCfg = Debug|Any CPU
		{739E3295-8A20-4EBB-A9EE-A6F4A1D65A95}.Debug|Any CPU.Build.0 = Debug|Any CPU
		{739E3295-8A20-4EBB-A9EE-A6F4A1D65A95}.Debug|x64.ActiveCfg = Debug|Any CPU
		{739E3295-8A20-4EBB-A9EE-A6F4A1D65A95}.Debug|x64.Build.0 = Debug|Any CPU
		{739E3295-8A20-4EBB-A9EE-A6F4A1D65A95}.Debug|x86.ActiveCfg = Debug|Any CPU
		{739E3295-8A20-4EBB-A9EE-A6F4A1D65A95}.Debug|x86.Build.0 = Debug|Any CPU
		{739E3295-8A20-4EBB-A9EE-A6F4A1D65A95}.Release|Any CPU.ActiveCfg = Release|Any CPU
		{739E3295-8A20-4EBB-A9EE-A6F4A1D65A95}.Release|Any CPU.Build.0 = Release|Any CPU
		{739E3295-8A20-4EBB-A9EE-A6F4A1D65A95}.Release|x64.ActiveCfg = Release|Any CPU
		{739E3295-8A20-4EBB-A9EE-A6F4A1D65A95}.Release|x64.Build.0 = Release|Any CPU
		{739E3295-8A20-4EBB-A9EE-A6F4A1D65A95}.Release|x86.ActiveCfg = Release|Any CPU
		{739E3295-8A20-4EBB-A9EE-A6F4A1D65A95}.Release|x86.Build.0 = Release|Any CPU
		{3266CD09-615B-4E0C-8EFE-9AEC93AB932A}.Debug|Any CPU.ActiveCfg = Debug|Any CPU
		{3266CD09-615B-4E0C-8EFE-9AEC93AB932A}.Debug|Any CPU.Build.0 = Debug|Any CPU
		{3266CD09-615B-4E0C-8EFE-9AEC93AB932A}.Debug|x64.ActiveCfg = Debug|Any CPU
		{3266CD09-615B-4E0C-8EFE-9AEC93AB932A}.Debug|x64.Build.0 = Debug|Any CPU
		{3266CD09-615B-4E0C-8EFE-9AEC93AB932A}.Debug|x86.ActiveCfg = Debug|Any CPU
		{3266CD09-615B-4E0C-8EFE-9AEC93AB932A}.Debug|x86.Build.0 = Debug|Any CPU
		{3266CD09-615B-4E0C-8EFE-9AEC93AB932A}.Release|Any CPU.ActiveCfg = Release|Any CPU
		{3266CD09-615B-4E0C-8EFE-9AEC93AB932A}.Release|Any CPU.Build.0 = Release|Any CPU
		{3266CD09-615B-4E0C-8EFE-9AEC93AB932A}.Release|x64.ActiveCfg = Release|Any CPU
		{3266CD09-615B-4E0C-8EFE-9AEC93AB932A}.Release|x64.Build.0 = Release|Any CPU
		{3266CD09-615B-4E0C-8EFE-9AEC93AB932A}.Release|x86.ActiveCfg = Release|Any CPU
		{3266CD09-615B-4E0C-8EFE-9AEC93AB932A}.Release|x86.Build.0 = Release|Any CPU
		{43364D55-A5B4-4E5A-B3EC-BD41F9AE1A79}.Debug|Any CPU.ActiveCfg = Debug|Any CPU
		{43364D55-A5B4-4E5A-B3EC-BD41F9AE1A79}.Debug|Any CPU.Build.0 = Debug|Any CPU
		{43364D55-A5B4-4E5A-B3EC-BD41F9AE1A79}.Debug|x64.ActiveCfg = Debug|Any CPU
		{43364D55-A5B4-4E5A-B3EC-BD41F9AE1A79}.Debug|x64.Build.0 = Debug|Any CPU
		{43364D55-A5B4-4E5A-B3EC-BD41F9AE1A79}.Debug|x86.ActiveCfg = Debug|Any CPU
		{43364D55-A5B4-4E5A-B3EC-BD41F9AE1A79}.Debug|x86.Build.0 = Debug|Any CPU
		{43364D55-A5B4-4E5A-B3EC-BD41F9AE1A79}.Release|Any CPU.ActiveCfg = Release|Any CPU
		{43364D55-A5B4-4E5A-B3EC-BD41F9AE1A79}.Release|Any CPU.Build.0 = Release|Any CPU
		{43364D55-A5B4-4E5A-B3EC-BD41F9AE1A79}.Release|x64.ActiveCfg = Release|Any CPU
		{43364D55-A5B4-4E5A-B3EC-BD41F9AE1A79}.Release|x64.Build.0 = Release|Any CPU
		{43364D55-A5B4-4E5A-B3EC-BD41F9AE1A79}.Release|x86.ActiveCfg = Release|Any CPU
		{43364D55-A5B4-4E5A-B3EC-BD41F9AE1A79}.Release|x86.Build.0 = Release|Any CPU
		{8529CD5E-1232-4863-9A54-328504FCDCE4}.Debug|Any CPU.ActiveCfg = Debug|Any CPU
		{8529CD5E-1232-4863-9A54-328504FCDCE4}.Debug|Any CPU.Build.0 = Debug|Any CPU
		{8529CD5E-1232-4863-9A54-328504FCDCE4}.Debug|x64.ActiveCfg = Debug|Any CPU
		{8529CD5E-1232-4863-9A54-328504FCDCE4}.Debug|x64.Build.0 = Debug|Any CPU
		{8529CD5E-1232-4863-9A54-328504FCDCE4}.Debug|x86.ActiveCfg = Debug|Any CPU
		{8529CD5E-1232-4863-9A54-328504FCDCE4}.Debug|x86.Build.0 = Debug|Any CPU
		{8529CD5E-1232-4863-9A54-328504FCDCE4}.Release|Any CPU.ActiveCfg = Release|Any CPU
		{8529CD5E-1232-4863-9A54-328504FCDCE4}.Release|Any CPU.Build.0 = Release|Any CPU
		{8529CD5E-1232-4863-9A54-328504FCDCE4}.Release|x64.ActiveCfg = Release|Any CPU
		{8529CD5E-1232-4863-9A54-328504FCDCE4}.Release|x64.Build.0 = Release|Any CPU
		{8529CD5E-1232-4863-9A54-328504FCDCE4}.Release|x86.ActiveCfg = Release|Any CPU
		{8529CD5E-1232-4863-9A54-328504FCDCE4}.Release|x86.Build.0 = Release|Any CPU
		{D494B721-FD5D-4D06-9427-15FCCE03C533}.Debug|Any CPU.ActiveCfg = Debug|Any CPU
		{D494B721-FD5D-4D06-9427-15FCCE03C533}.Debug|Any CPU.Build.0 = Debug|Any CPU
		{D494B721-FD5D-4D06-9427-15FCCE03C533}.Debug|x64.ActiveCfg = Debug|Any CPU
		{D494B721-FD5D-4D06-9427-15FCCE03C533}.Debug|x64.Build.0 = Debug|Any CPU
		{D494B721-FD5D-4D06-9427-15FCCE03C533}.Debug|x86.ActiveCfg = Debug|Any CPU
		{D494B721-FD5D-4D06-9427-15FCCE03C533}.Debug|x86.Build.0 = Debug|Any CPU
		{D494B721-FD5D-4D06-9427-15FCCE03C533}.Release|Any CPU.ActiveCfg = Release|Any CPU
		{D494B721-FD5D-4D06-9427-15FCCE03C533}.Release|Any CPU.Build.0 = Release|Any CPU
		{D494B721-FD5D-4D06-9427-15FCCE03C533}.Release|x64.ActiveCfg = Release|Any CPU
		{D494B721-FD5D-4D06-9427-15FCCE03C533}.Release|x64.Build.0 = Release|Any CPU
		{D494B721-FD5D-4D06-9427-15FCCE03C533}.Release|x86.ActiveCfg = Release|Any CPU
		{D494B721-FD5D-4D06-9427-15FCCE03C533}.Release|x86.Build.0 = Release|Any CPU
		{E84B9637-9560-40B8-8EB9-2B53DAA397B4}.Debug|Any CPU.ActiveCfg = Debug|Any CPU
		{E84B9637-9560-40B8-8EB9-2B53DAA397B4}.Debug|Any CPU.Build.0 = Debug|Any CPU
		{E84B9637-9560-40B8-8EB9-2B53DAA397B4}.Debug|x64.ActiveCfg = Debug|Any CPU
		{E84B9637-9560-40B8-8EB9-2B53DAA397B4}.Debug|x64.Build.0 = Debug|Any CPU
		{E84B9637-9560-40B8-8EB9-2B53DAA397B4}.Debug|x86.ActiveCfg = Debug|Any CPU
		{E84B9637-9560-40B8-8EB9-2B53DAA397B4}.Debug|x86.Build.0 = Debug|Any CPU
		{E84B9637-9560-40B8-8EB9-2B53DAA397B4}.Release|Any CPU.ActiveCfg = Release|Any CPU
		{E84B9637-9560-40B8-8EB9-2B53DAA397B4}.Release|Any CPU.Build.0 = Release|Any CPU
		{E84B9637-9560-40B8-8EB9-2B53DAA397B4}.Release|x64.ActiveCfg = Release|Any CPU
		{E84B9637-9560-40B8-8EB9-2B53DAA397B4}.Release|x64.Build.0 = Release|Any CPU
		{E84B9637-9560-40B8-8EB9-2B53DAA397B4}.Release|x86.ActiveCfg = Release|Any CPU
		{E84B9637-9560-40B8-8EB9-2B53DAA397B4}.Release|x86.Build.0 = Release|Any CPU
		{6C03B0A1-97F6-4F36-9101-298E0BD2856A}.Debug|Any CPU.ActiveCfg = Debug|Any CPU
		{6C03B0A1-97F6-4F36-9101-298E0BD2856A}.Debug|Any CPU.Build.0 = Debug|Any CPU
		{6C03B0A1-97F6-4F36-9101-298E0BD2856A}.Debug|x64.ActiveCfg = Debug|Any CPU
		{6C03B0A1-97F6-4F36-9101-298E0BD2856A}.Debug|x64.Build.0 = Debug|Any CPU
		{6C03B0A1-97F6-4F36-9101-298E0BD2856A}.Debug|x86.ActiveCfg = Debug|Any CPU
		{6C03B0A1-97F6-4F36-9101-298E0BD2856A}.Debug|x86.Build.0 = Debug|Any CPU
		{6C03B0A1-97F6-4F36-9101-298E0BD2856A}.Release|Any CPU.ActiveCfg = Release|Any CPU
		{6C03B0A1-97F6-4F36-9101-298E0BD2856A}.Release|Any CPU.Build.0 = Release|Any CPU
		{6C03B0A1-97F6-4F36-9101-298E0BD2856A}.Release|x64.ActiveCfg = Release|Any CPU
		{6C03B0A1-97F6-4F36-9101-298E0BD2856A}.Release|x64.Build.0 = Release|Any CPU
		{6C03B0A1-97F6-4F36-9101-298E0BD2856A}.Release|x86.ActiveCfg = Release|Any CPU
		{6C03B0A1-97F6-4F36-9101-298E0BD2856A}.Release|x86.Build.0 = Release|Any CPU
		{B70C9818-051F-40BD-8A95-CF481B8984C1}.Debug|Any CPU.ActiveCfg = Debug|Any CPU
		{B70C9818-051F-40BD-8A95-CF481B8984C1}.Debug|Any CPU.Build.0 = Debug|Any CPU
		{B70C9818-051F-40BD-8A95-CF481B8984C1}.Debug|x64.ActiveCfg = Debug|Any CPU
		{B70C9818-051F-40BD-8A95-CF481B8984C1}.Debug|x64.Build.0 = Debug|Any CPU
		{B70C9818-051F-40BD-8A95-CF481B8984C1}.Debug|x86.ActiveCfg = Debug|Any CPU
		{B70C9818-051F-40BD-8A95-CF481B8984C1}.Debug|x86.Build.0 = Debug|Any CPU
		{B70C9818-051F-40BD-8A95-CF481B8984C1}.Release|Any CPU.ActiveCfg = Release|Any CPU
		{B70C9818-051F-40BD-8A95-CF481B8984C1}.Release|Any CPU.Build.0 = Release|Any CPU
		{B70C9818-051F-40BD-8A95-CF481B8984C1}.Release|x64.ActiveCfg = Release|Any CPU
		{B70C9818-051F-40BD-8A95-CF481B8984C1}.Release|x64.Build.0 = Release|Any CPU
		{B70C9818-051F-40BD-8A95-CF481B8984C1}.Release|x86.ActiveCfg = Release|Any CPU
		{B70C9818-051F-40BD-8A95-CF481B8984C1}.Release|x86.Build.0 = Release|Any CPU
		{E50217DD-B469-481B-BAE7-84CA676090E4}.Debug|Any CPU.ActiveCfg = Debug|Any CPU
		{E50217DD-B469-481B-BAE7-84CA676090E4}.Debug|Any CPU.Build.0 = Debug|Any CPU
		{E50217DD-B469-481B-BAE7-84CA676090E4}.Debug|x64.ActiveCfg = Debug|Any CPU
		{E50217DD-B469-481B-BAE7-84CA676090E4}.Debug|x64.Build.0 = Debug|Any CPU
		{E50217DD-B469-481B-BAE7-84CA676090E4}.Debug|x86.ActiveCfg = Debug|Any CPU
		{E50217DD-B469-481B-BAE7-84CA676090E4}.Debug|x86.Build.0 = Debug|Any CPU
		{E50217DD-B469-481B-BAE7-84CA676090E4}.Release|Any CPU.ActiveCfg = Release|Any CPU
		{E50217DD-B469-481B-BAE7-84CA676090E4}.Release|Any CPU.Build.0 = Release|Any CPU
		{E50217DD-B469-481B-BAE7-84CA676090E4}.Release|x64.ActiveCfg = Release|Any CPU
		{E50217DD-B469-481B-BAE7-84CA676090E4}.Release|x64.Build.0 = Release|Any CPU
		{E50217DD-B469-481B-BAE7-84CA676090E4}.Release|x86.ActiveCfg = Release|Any CPU
		{E50217DD-B469-481B-BAE7-84CA676090E4}.Release|x86.Build.0 = Release|Any CPU
		{511097AB-3BBB-438F-98F2-F847A0DFB4C0}.Debug|Any CPU.ActiveCfg = Debug|Any CPU
		{511097AB-3BBB-438F-98F2-F847A0DFB4C0}.Debug|Any CPU.Build.0 = Debug|Any CPU
		{511097AB-3BBB-438F-98F2-F847A0DFB4C0}.Debug|x64.ActiveCfg = Debug|Any CPU
		{511097AB-3BBB-438F-98F2-F847A0DFB4C0}.Debug|x64.Build.0 = Debug|Any CPU
		{511097AB-3BBB-438F-98F2-F847A0DFB4C0}.Debug|x86.ActiveCfg = Debug|Any CPU
		{511097AB-3BBB-438F-98F2-F847A0DFB4C0}.Debug|x86.Build.0 = Debug|Any CPU
		{511097AB-3BBB-438F-98F2-F847A0DFB4C0}.Release|Any CPU.ActiveCfg = Release|Any CPU
		{511097AB-3BBB-438F-98F2-F847A0DFB4C0}.Release|Any CPU.Build.0 = Release|Any CPU
		{511097AB-3BBB-438F-98F2-F847A0DFB4C0}.Release|x64.ActiveCfg = Release|Any CPU
		{511097AB-3BBB-438F-98F2-F847A0DFB4C0}.Release|x64.Build.0 = Release|Any CPU
		{511097AB-3BBB-438F-98F2-F847A0DFB4C0}.Release|x86.ActiveCfg = Release|Any CPU
		{511097AB-3BBB-438F-98F2-F847A0DFB4C0}.Release|x86.Build.0 = Release|Any CPU
		{822F4EAD-3541-4B39-B3AB-AB94FFD458B7}.Debug|Any CPU.ActiveCfg = Debug|Any CPU
		{822F4EAD-3541-4B39-B3AB-AB94FFD458B7}.Debug|Any CPU.Build.0 = Debug|Any CPU
		{822F4EAD-3541-4B39-B3AB-AB94FFD458B7}.Debug|x64.ActiveCfg = Debug|Any CPU
		{822F4EAD-3541-4B39-B3AB-AB94FFD458B7}.Debug|x64.Build.0 = Debug|Any CPU
		{822F4EAD-3541-4B39-B3AB-AB94FFD458B7}.Debug|x86.ActiveCfg = Debug|Any CPU
		{822F4EAD-3541-4B39-B3AB-AB94FFD458B7}.Debug|x86.Build.0 = Debug|Any CPU
		{822F4EAD-3541-4B39-B3AB-AB94FFD458B7}.Release|Any CPU.ActiveCfg = Release|Any CPU
		{822F4EAD-3541-4B39-B3AB-AB94FFD458B7}.Release|Any CPU.Build.0 = Release|Any CPU
		{822F4EAD-3541-4B39-B3AB-AB94FFD458B7}.Release|x64.ActiveCfg = Release|Any CPU
		{822F4EAD-3541-4B39-B3AB-AB94FFD458B7}.Release|x64.Build.0 = Release|Any CPU
		{822F4EAD-3541-4B39-B3AB-AB94FFD458B7}.Release|x86.ActiveCfg = Release|Any CPU
		{822F4EAD-3541-4B39-B3AB-AB94FFD458B7}.Release|x86.Build.0 = Release|Any CPU
		{C7A1BAB1-6528-43C8-814D-EE310A4C4212}.Debug|Any CPU.ActiveCfg = Debug|Any CPU
		{C7A1BAB1-6528-43C8-814D-EE310A4C4212}.Debug|Any CPU.Build.0 = Debug|Any CPU
		{C7A1BAB1-6528-43C8-814D-EE310A4C4212}.Debug|x64.ActiveCfg = Debug|Any CPU
		{C7A1BAB1-6528-43C8-814D-EE310A4C4212}.Debug|x64.Build.0 = Debug|Any CPU
		{C7A1BAB1-6528-43C8-814D-EE310A4C4212}.Debug|x86.ActiveCfg = Debug|Any CPU
		{C7A1BAB1-6528-43C8-814D-EE310A4C4212}.Debug|x86.Build.0 = Debug|Any CPU
		{C7A1BAB1-6528-43C8-814D-EE310A4C4212}.Release|Any CPU.ActiveCfg = Release|Any CPU
		{C7A1BAB1-6528-43C8-814D-EE310A4C4212}.Release|Any CPU.Build.0 = Release|Any CPU
		{C7A1BAB1-6528-43C8-814D-EE310A4C4212}.Release|x64.ActiveCfg = Release|Any CPU
		{C7A1BAB1-6528-43C8-814D-EE310A4C4212}.Release|x64.Build.0 = Release|Any CPU
		{C7A1BAB1-6528-43C8-814D-EE310A4C4212}.Release|x86.ActiveCfg = Release|Any CPU
		{C7A1BAB1-6528-43C8-814D-EE310A4C4212}.Release|x86.Build.0 = Release|Any CPU
		{6DA06027-CDAF-4787-9C10-C9E2B78B23C0}.Debug|Any CPU.ActiveCfg = Debug|Any CPU
		{6DA06027-CDAF-4787-9C10-C9E2B78B23C0}.Debug|Any CPU.Build.0 = Debug|Any CPU
		{6DA06027-CDAF-4787-9C10-C9E2B78B23C0}.Debug|x64.ActiveCfg = Debug|Any CPU
		{6DA06027-CDAF-4787-9C10-C9E2B78B23C0}.Debug|x64.Build.0 = Debug|Any CPU
		{6DA06027-CDAF-4787-9C10-C9E2B78B23C0}.Debug|x86.ActiveCfg = Debug|Any CPU
		{6DA06027-CDAF-4787-9C10-C9E2B78B23C0}.Debug|x86.Build.0 = Debug|Any CPU
		{6DA06027-CDAF-4787-9C10-C9E2B78B23C0}.Release|Any CPU.ActiveCfg = Release|Any CPU
		{6DA06027-CDAF-4787-9C10-C9E2B78B23C0}.Release|Any CPU.Build.0 = Release|Any CPU
		{6DA06027-CDAF-4787-9C10-C9E2B78B23C0}.Release|x64.ActiveCfg = Release|Any CPU
		{6DA06027-CDAF-4787-9C10-C9E2B78B23C0}.Release|x64.Build.0 = Release|Any CPU
		{6DA06027-CDAF-4787-9C10-C9E2B78B23C0}.Release|x86.ActiveCfg = Release|Any CPU
		{6DA06027-CDAF-4787-9C10-C9E2B78B23C0}.Release|x86.Build.0 = Release|Any CPU
		{2DBF1BD0-4270-41A5-B93F-02408D6C3C2F}.Debug|Any CPU.ActiveCfg = Debug|Any CPU
		{2DBF1BD0-4270-41A5-B93F-02408D6C3C2F}.Debug|Any CPU.Build.0 = Debug|Any CPU
		{2DBF1BD0-4270-41A5-B93F-02408D6C3C2F}.Debug|x64.ActiveCfg = Debug|Any CPU
		{2DBF1BD0-4270-41A5-B93F-02408D6C3C2F}.Debug|x64.Build.0 = Debug|Any CPU
		{2DBF1BD0-4270-41A5-B93F-02408D6C3C2F}.Debug|x86.ActiveCfg = Debug|Any CPU
		{2DBF1BD0-4270-41A5-B93F-02408D6C3C2F}.Debug|x86.Build.0 = Debug|Any CPU
		{2DBF1BD0-4270-41A5-B93F-02408D6C3C2F}.Release|Any CPU.ActiveCfg = Release|Any CPU
		{2DBF1BD0-4270-41A5-B93F-02408D6C3C2F}.Release|Any CPU.Build.0 = Release|Any CPU
		{2DBF1BD0-4270-41A5-B93F-02408D6C3C2F}.Release|x64.ActiveCfg = Release|Any CPU
		{2DBF1BD0-4270-41A5-B93F-02408D6C3C2F}.Release|x64.Build.0 = Release|Any CPU
		{2DBF1BD0-4270-41A5-B93F-02408D6C3C2F}.Release|x86.ActiveCfg = Release|Any CPU
		{2DBF1BD0-4270-41A5-B93F-02408D6C3C2F}.Release|x86.Build.0 = Release|Any CPU
		{3446A9CB-385C-4DF6-B854-1BB0D4BC8C0E}.Debug|Any CPU.ActiveCfg = Debug|Any CPU
		{3446A9CB-385C-4DF6-B854-1BB0D4BC8C0E}.Debug|Any CPU.Build.0 = Debug|Any CPU
		{3446A9CB-385C-4DF6-B854-1BB0D4BC8C0E}.Debug|x64.ActiveCfg = Debug|Any CPU
		{3446A9CB-385C-4DF6-B854-1BB0D4BC8C0E}.Debug|x64.Build.0 = Debug|Any CPU
		{3446A9CB-385C-4DF6-B854-1BB0D4BC8C0E}.Debug|x86.ActiveCfg = Debug|Any CPU
		{3446A9CB-385C-4DF6-B854-1BB0D4BC8C0E}.Debug|x86.Build.0 = Debug|Any CPU
		{3446A9CB-385C-4DF6-B854-1BB0D4BC8C0E}.Release|Any CPU.ActiveCfg = Release|Any CPU
		{3446A9CB-385C-4DF6-B854-1BB0D4BC8C0E}.Release|Any CPU.Build.0 = Release|Any CPU
		{3446A9CB-385C-4DF6-B854-1BB0D4BC8C0E}.Release|x64.ActiveCfg = Release|Any CPU
		{3446A9CB-385C-4DF6-B854-1BB0D4BC8C0E}.Release|x64.Build.0 = Release|Any CPU
		{3446A9CB-385C-4DF6-B854-1BB0D4BC8C0E}.Release|x86.ActiveCfg = Release|Any CPU
		{3446A9CB-385C-4DF6-B854-1BB0D4BC8C0E}.Release|x86.Build.0 = Release|Any CPU
		{6588EDA0-2023-46B1-8E01-639E64657FC7}.Debug|Any CPU.ActiveCfg = Debug|Any CPU
		{6588EDA0-2023-46B1-8E01-639E64657FC7}.Debug|Any CPU.Build.0 = Debug|Any CPU
		{6588EDA0-2023-46B1-8E01-639E64657FC7}.Debug|x64.ActiveCfg = Debug|Any CPU
		{6588EDA0-2023-46B1-8E01-639E64657FC7}.Debug|x64.Build.0 = Debug|Any CPU
		{6588EDA0-2023-46B1-8E01-639E64657FC7}.Debug|x86.ActiveCfg = Debug|Any CPU
		{6588EDA0-2023-46B1-8E01-639E64657FC7}.Debug|x86.Build.0 = Debug|Any CPU
		{6588EDA0-2023-46B1-8E01-639E64657FC7}.Release|Any CPU.ActiveCfg = Release|Any CPU
		{6588EDA0-2023-46B1-8E01-639E64657FC7}.Release|Any CPU.Build.0 = Release|Any CPU
		{6588EDA0-2023-46B1-8E01-639E64657FC7}.Release|x64.ActiveCfg = Release|Any CPU
		{6588EDA0-2023-46B1-8E01-639E64657FC7}.Release|x64.Build.0 = Release|Any CPU
		{6588EDA0-2023-46B1-8E01-639E64657FC7}.Release|x86.ActiveCfg = Release|Any CPU
		{6588EDA0-2023-46B1-8E01-639E64657FC7}.Release|x86.Build.0 = Release|Any CPU
		{284F3798-6054-4601-BE79-0D09CB648463}.Debug|Any CPU.ActiveCfg = Debug|Any CPU
		{284F3798-6054-4601-BE79-0D09CB648463}.Debug|Any CPU.Build.0 = Debug|Any CPU
		{284F3798-6054-4601-BE79-0D09CB648463}.Debug|x64.ActiveCfg = Debug|Any CPU
		{284F3798-6054-4601-BE79-0D09CB648463}.Debug|x64.Build.0 = Debug|Any CPU
		{284F3798-6054-4601-BE79-0D09CB648463}.Debug|x86.ActiveCfg = Debug|Any CPU
		{284F3798-6054-4601-BE79-0D09CB648463}.Debug|x86.Build.0 = Debug|Any CPU
		{284F3798-6054-4601-BE79-0D09CB648463}.Release|Any CPU.ActiveCfg = Release|Any CPU
		{284F3798-6054-4601-BE79-0D09CB648463}.Release|Any CPU.Build.0 = Release|Any CPU
		{284F3798-6054-4601-BE79-0D09CB648463}.Release|x64.ActiveCfg = Release|Any CPU
		{284F3798-6054-4601-BE79-0D09CB648463}.Release|x64.Build.0 = Release|Any CPU
		{284F3798-6054-4601-BE79-0D09CB648463}.Release|x86.ActiveCfg = Release|Any CPU
		{284F3798-6054-4601-BE79-0D09CB648463}.Release|x86.Build.0 = Release|Any CPU
		{A46877D6-AD57-46DC-9CDA-AA6D5833FD36}.Debug|Any CPU.ActiveCfg = Debug|Any CPU
		{A46877D6-AD57-46DC-9CDA-AA6D5833FD36}.Debug|Any CPU.Build.0 = Debug|Any CPU
		{A46877D6-AD57-46DC-9CDA-AA6D5833FD36}.Debug|x64.ActiveCfg = Debug|Any CPU
		{A46877D6-AD57-46DC-9CDA-AA6D5833FD36}.Debug|x64.Build.0 = Debug|Any CPU
		{A46877D6-AD57-46DC-9CDA-AA6D5833FD36}.Debug|x86.ActiveCfg = Debug|Any CPU
		{A46877D6-AD57-46DC-9CDA-AA6D5833FD36}.Debug|x86.Build.0 = Debug|Any CPU
		{A46877D6-AD57-46DC-9CDA-AA6D5833FD36}.Release|Any CPU.ActiveCfg = Release|Any CPU
		{A46877D6-AD57-46DC-9CDA-AA6D5833FD36}.Release|Any CPU.Build.0 = Release|Any CPU
		{A46877D6-AD57-46DC-9CDA-AA6D5833FD36}.Release|x64.ActiveCfg = Release|Any CPU
		{A46877D6-AD57-46DC-9CDA-AA6D5833FD36}.Release|x64.Build.0 = Release|Any CPU
		{A46877D6-AD57-46DC-9CDA-AA6D5833FD36}.Release|x86.ActiveCfg = Release|Any CPU
		{A46877D6-AD57-46DC-9CDA-AA6D5833FD36}.Release|x86.Build.0 = Release|Any CPU
		{86394441-8BD3-4689-8EC3-BF1EEA577B63}.Debug|Any CPU.ActiveCfg = Debug|Any CPU
		{86394441-8BD3-4689-8EC3-BF1EEA577B63}.Debug|Any CPU.Build.0 = Debug|Any CPU
		{86394441-8BD3-4689-8EC3-BF1EEA577B63}.Debug|x64.ActiveCfg = Debug|Any CPU
		{86394441-8BD3-4689-8EC3-BF1EEA577B63}.Debug|x64.Build.0 = Debug|Any CPU
		{86394441-8BD3-4689-8EC3-BF1EEA577B63}.Debug|x86.ActiveCfg = Debug|Any CPU
		{86394441-8BD3-4689-8EC3-BF1EEA577B63}.Debug|x86.Build.0 = Debug|Any CPU
		{86394441-8BD3-4689-8EC3-BF1EEA577B63}.Release|Any CPU.ActiveCfg = Release|Any CPU
		{86394441-8BD3-4689-8EC3-BF1EEA577B63}.Release|Any CPU.Build.0 = Release|Any CPU
		{86394441-8BD3-4689-8EC3-BF1EEA577B63}.Release|x64.ActiveCfg = Release|Any CPU
		{86394441-8BD3-4689-8EC3-BF1EEA577B63}.Release|x64.Build.0 = Release|Any CPU
		{86394441-8BD3-4689-8EC3-BF1EEA577B63}.Release|x86.ActiveCfg = Release|Any CPU
		{86394441-8BD3-4689-8EC3-BF1EEA577B63}.Release|x86.Build.0 = Release|Any CPU
		{BC57901C-B311-477C-B46A-A2A43D4CF8A5}.Debug|Any CPU.ActiveCfg = Debug|Any CPU
		{BC57901C-B311-477C-B46A-A2A43D4CF8A5}.Debug|Any CPU.Build.0 = Debug|Any CPU
		{BC57901C-B311-477C-B46A-A2A43D4CF8A5}.Debug|x64.ActiveCfg = Debug|Any CPU
		{BC57901C-B311-477C-B46A-A2A43D4CF8A5}.Debug|x64.Build.0 = Debug|Any CPU
		{BC57901C-B311-477C-B46A-A2A43D4CF8A5}.Debug|x86.ActiveCfg = Debug|Any CPU
		{BC57901C-B311-477C-B46A-A2A43D4CF8A5}.Debug|x86.Build.0 = Debug|Any CPU
		{BC57901C-B311-477C-B46A-A2A43D4CF8A5}.Release|Any CPU.ActiveCfg = Release|Any CPU
		{BC57901C-B311-477C-B46A-A2A43D4CF8A5}.Release|Any CPU.Build.0 = Release|Any CPU
		{BC57901C-B311-477C-B46A-A2A43D4CF8A5}.Release|x64.ActiveCfg = Release|Any CPU
		{BC57901C-B311-477C-B46A-A2A43D4CF8A5}.Release|x64.Build.0 = Release|Any CPU
		{BC57901C-B311-477C-B46A-A2A43D4CF8A5}.Release|x86.ActiveCfg = Release|Any CPU
		{BC57901C-B311-477C-B46A-A2A43D4CF8A5}.Release|x86.Build.0 = Release|Any CPU
		{12A22D2E-92E9-44AE-8357-1A9B5956656A}.Debug|Any CPU.ActiveCfg = Debug|Any CPU
		{12A22D2E-92E9-44AE-8357-1A9B5956656A}.Debug|Any CPU.Build.0 = Debug|Any CPU
		{12A22D2E-92E9-44AE-8357-1A9B5956656A}.Debug|x64.ActiveCfg = Debug|Any CPU
		{12A22D2E-92E9-44AE-8357-1A9B5956656A}.Debug|x64.Build.0 = Debug|Any CPU
		{12A22D2E-92E9-44AE-8357-1A9B5956656A}.Debug|x86.ActiveCfg = Debug|Any CPU
		{12A22D2E-92E9-44AE-8357-1A9B5956656A}.Debug|x86.Build.0 = Debug|Any CPU
		{12A22D2E-92E9-44AE-8357-1A9B5956656A}.Release|Any CPU.ActiveCfg = Release|Any CPU
		{12A22D2E-92E9-44AE-8357-1A9B5956656A}.Release|Any CPU.Build.0 = Release|Any CPU
		{12A22D2E-92E9-44AE-8357-1A9B5956656A}.Release|x64.ActiveCfg = Release|Any CPU
		{12A22D2E-92E9-44AE-8357-1A9B5956656A}.Release|x64.Build.0 = Release|Any CPU
		{12A22D2E-92E9-44AE-8357-1A9B5956656A}.Release|x86.ActiveCfg = Release|Any CPU
		{12A22D2E-92E9-44AE-8357-1A9B5956656A}.Release|x86.Build.0 = Release|Any CPU
		{7663E9D4-E6C4-4324-9A78-E982037D26C5}.Debug|Any CPU.ActiveCfg = Debug|Any CPU
		{7663E9D4-E6C4-4324-9A78-E982037D26C5}.Debug|Any CPU.Build.0 = Debug|Any CPU
		{7663E9D4-E6C4-4324-9A78-E982037D26C5}.Debug|x64.ActiveCfg = Debug|Any CPU
		{7663E9D4-E6C4-4324-9A78-E982037D26C5}.Debug|x64.Build.0 = Debug|Any CPU
		{7663E9D4-E6C4-4324-9A78-E982037D26C5}.Debug|x86.ActiveCfg = Debug|Any CPU
		{7663E9D4-E6C4-4324-9A78-E982037D26C5}.Debug|x86.Build.0 = Debug|Any CPU
		{7663E9D4-E6C4-4324-9A78-E982037D26C5}.Release|Any CPU.ActiveCfg = Release|Any CPU
		{7663E9D4-E6C4-4324-9A78-E982037D26C5}.Release|Any CPU.Build.0 = Release|Any CPU
		{7663E9D4-E6C4-4324-9A78-E982037D26C5}.Release|x64.ActiveCfg = Release|Any CPU
		{7663E9D4-E6C4-4324-9A78-E982037D26C5}.Release|x64.Build.0 = Release|Any CPU
		{7663E9D4-E6C4-4324-9A78-E982037D26C5}.Release|x86.ActiveCfg = Release|Any CPU
		{7663E9D4-E6C4-4324-9A78-E982037D26C5}.Release|x86.Build.0 = Release|Any CPU
		{83D5B8B5-F9CB-450C-88E2-9E24A567AC0E}.Debug|Any CPU.ActiveCfg = Debug|Any CPU
		{83D5B8B5-F9CB-450C-88E2-9E24A567AC0E}.Debug|Any CPU.Build.0 = Debug|Any CPU
		{83D5B8B5-F9CB-450C-88E2-9E24A567AC0E}.Debug|x64.ActiveCfg = Debug|Any CPU
		{83D5B8B5-F9CB-450C-88E2-9E24A567AC0E}.Debug|x64.Build.0 = Debug|Any CPU
		{83D5B8B5-F9CB-450C-88E2-9E24A567AC0E}.Debug|x86.ActiveCfg = Debug|Any CPU
		{83D5B8B5-F9CB-450C-88E2-9E24A567AC0E}.Debug|x86.Build.0 = Debug|Any CPU
		{83D5B8B5-F9CB-450C-88E2-9E24A567AC0E}.Release|Any CPU.ActiveCfg = Release|Any CPU
		{83D5B8B5-F9CB-450C-88E2-9E24A567AC0E}.Release|Any CPU.Build.0 = Release|Any CPU
		{83D5B8B5-F9CB-450C-88E2-9E24A567AC0E}.Release|x64.ActiveCfg = Release|Any CPU
		{83D5B8B5-F9CB-450C-88E2-9E24A567AC0E}.Release|x64.Build.0 = Release|Any CPU
		{83D5B8B5-F9CB-450C-88E2-9E24A567AC0E}.Release|x86.ActiveCfg = Release|Any CPU
		{83D5B8B5-F9CB-450C-88E2-9E24A567AC0E}.Release|x86.Build.0 = Release|Any CPU
		{17D2B719-24B5-484F-8382-1F2603B68A8B}.Debug|Any CPU.ActiveCfg = Debug|Any CPU
		{17D2B719-24B5-484F-8382-1F2603B68A8B}.Debug|Any CPU.Build.0 = Debug|Any CPU
		{17D2B719-24B5-484F-8382-1F2603B68A8B}.Debug|x64.ActiveCfg = Debug|Any CPU
		{17D2B719-24B5-484F-8382-1F2603B68A8B}.Debug|x64.Build.0 = Debug|Any CPU
		{17D2B719-24B5-484F-8382-1F2603B68A8B}.Debug|x86.ActiveCfg = Debug|Any CPU
		{17D2B719-24B5-484F-8382-1F2603B68A8B}.Debug|x86.Build.0 = Debug|Any CPU
		{17D2B719-24B5-484F-8382-1F2603B68A8B}.Release|Any CPU.ActiveCfg = Release|Any CPU
		{17D2B719-24B5-484F-8382-1F2603B68A8B}.Release|Any CPU.Build.0 = Release|Any CPU
		{17D2B719-24B5-484F-8382-1F2603B68A8B}.Release|x64.ActiveCfg = Release|Any CPU
		{17D2B719-24B5-484F-8382-1F2603B68A8B}.Release|x64.Build.0 = Release|Any CPU
		{17D2B719-24B5-484F-8382-1F2603B68A8B}.Release|x86.ActiveCfg = Release|Any CPU
		{17D2B719-24B5-484F-8382-1F2603B68A8B}.Release|x86.Build.0 = Release|Any CPU
		{8707DA8F-AC9C-49F5-B0AA-8F972AEF799A}.Debug|Any CPU.ActiveCfg = Debug|Any CPU
		{8707DA8F-AC9C-49F5-B0AA-8F972AEF799A}.Debug|Any CPU.Build.0 = Debug|Any CPU
		{8707DA8F-AC9C-49F5-B0AA-8F972AEF799A}.Debug|x64.ActiveCfg = Debug|Any CPU
		{8707DA8F-AC9C-49F5-B0AA-8F972AEF799A}.Debug|x64.Build.0 = Debug|Any CPU
		{8707DA8F-AC9C-49F5-B0AA-8F972AEF799A}.Debug|x86.ActiveCfg = Debug|Any CPU
		{8707DA8F-AC9C-49F5-B0AA-8F972AEF799A}.Debug|x86.Build.0 = Debug|Any CPU
		{8707DA8F-AC9C-49F5-B0AA-8F972AEF799A}.Release|Any CPU.ActiveCfg = Release|Any CPU
		{8707DA8F-AC9C-49F5-B0AA-8F972AEF799A}.Release|Any CPU.Build.0 = Release|Any CPU
		{8707DA8F-AC9C-49F5-B0AA-8F972AEF799A}.Release|x64.ActiveCfg = Release|Any CPU
		{8707DA8F-AC9C-49F5-B0AA-8F972AEF799A}.Release|x64.Build.0 = Release|Any CPU
		{8707DA8F-AC9C-49F5-B0AA-8F972AEF799A}.Release|x86.ActiveCfg = Release|Any CPU
		{8707DA8F-AC9C-49F5-B0AA-8F972AEF799A}.Release|x86.Build.0 = Release|Any CPU
		{8EC0D5E7-9FB7-4E5F-8651-9AD3B4A81015}.Debug|Any CPU.ActiveCfg = Debug|Any CPU
		{8EC0D5E7-9FB7-4E5F-8651-9AD3B4A81015}.Debug|Any CPU.Build.0 = Debug|Any CPU
		{8EC0D5E7-9FB7-4E5F-8651-9AD3B4A81015}.Debug|x64.ActiveCfg = Debug|Any CPU
		{8EC0D5E7-9FB7-4E5F-8651-9AD3B4A81015}.Debug|x64.Build.0 = Debug|Any CPU
		{8EC0D5E7-9FB7-4E5F-8651-9AD3B4A81015}.Debug|x86.ActiveCfg = Debug|Any CPU
		{8EC0D5E7-9FB7-4E5F-8651-9AD3B4A81015}.Debug|x86.Build.0 = Debug|Any CPU
		{8EC0D5E7-9FB7-4E5F-8651-9AD3B4A81015}.Release|Any CPU.ActiveCfg = Release|Any CPU
		{8EC0D5E7-9FB7-4E5F-8651-9AD3B4A81015}.Release|Any CPU.Build.0 = Release|Any CPU
		{8EC0D5E7-9FB7-4E5F-8651-9AD3B4A81015}.Release|x64.ActiveCfg = Release|Any CPU
		{8EC0D5E7-9FB7-4E5F-8651-9AD3B4A81015}.Release|x64.Build.0 = Release|Any CPU
		{8EC0D5E7-9FB7-4E5F-8651-9AD3B4A81015}.Release|x86.ActiveCfg = Release|Any CPU
		{8EC0D5E7-9FB7-4E5F-8651-9AD3B4A81015}.Release|x86.Build.0 = Release|Any CPU
		{2EC36517-3149-4BC9-B7B1-05E3DF7A16B2}.Debug|Any CPU.ActiveCfg = Debug|Any CPU
		{2EC36517-3149-4BC9-B7B1-05E3DF7A16B2}.Debug|Any CPU.Build.0 = Debug|Any CPU
		{2EC36517-3149-4BC9-B7B1-05E3DF7A16B2}.Debug|x64.ActiveCfg = Debug|Any CPU
		{2EC36517-3149-4BC9-B7B1-05E3DF7A16B2}.Debug|x64.Build.0 = Debug|Any CPU
		{2EC36517-3149-4BC9-B7B1-05E3DF7A16B2}.Debug|x86.ActiveCfg = Debug|Any CPU
		{2EC36517-3149-4BC9-B7B1-05E3DF7A16B2}.Debug|x86.Build.0 = Debug|Any CPU
		{2EC36517-3149-4BC9-B7B1-05E3DF7A16B2}.Release|Any CPU.ActiveCfg = Release|Any CPU
		{2EC36517-3149-4BC9-B7B1-05E3DF7A16B2}.Release|Any CPU.Build.0 = Release|Any CPU
		{2EC36517-3149-4BC9-B7B1-05E3DF7A16B2}.Release|x64.ActiveCfg = Release|Any CPU
		{2EC36517-3149-4BC9-B7B1-05E3DF7A16B2}.Release|x64.Build.0 = Release|Any CPU
		{2EC36517-3149-4BC9-B7B1-05E3DF7A16B2}.Release|x86.ActiveCfg = Release|Any CPU
		{2EC36517-3149-4BC9-B7B1-05E3DF7A16B2}.Release|x86.Build.0 = Release|Any CPU
		{DB96B5F1-D041-4FFD-B440-9166B59D7ADA}.Debug|Any CPU.ActiveCfg = Debug|Any CPU
		{DB96B5F1-D041-4FFD-B440-9166B59D7ADA}.Debug|Any CPU.Build.0 = Debug|Any CPU
		{DB96B5F1-D041-4FFD-B440-9166B59D7ADA}.Debug|x64.ActiveCfg = Debug|Any CPU
		{DB96B5F1-D041-4FFD-B440-9166B59D7ADA}.Debug|x64.Build.0 = Debug|Any CPU
		{DB96B5F1-D041-4FFD-B440-9166B59D7ADA}.Debug|x86.ActiveCfg = Debug|Any CPU
		{DB96B5F1-D041-4FFD-B440-9166B59D7ADA}.Debug|x86.Build.0 = Debug|Any CPU
		{DB96B5F1-D041-4FFD-B440-9166B59D7ADA}.Release|Any CPU.ActiveCfg = Release|Any CPU
		{DB96B5F1-D041-4FFD-B440-9166B59D7ADA}.Release|Any CPU.Build.0 = Release|Any CPU
		{DB96B5F1-D041-4FFD-B440-9166B59D7ADA}.Release|x64.ActiveCfg = Release|Any CPU
		{DB96B5F1-D041-4FFD-B440-9166B59D7ADA}.Release|x64.Build.0 = Release|Any CPU
		{DB96B5F1-D041-4FFD-B440-9166B59D7ADA}.Release|x86.ActiveCfg = Release|Any CPU
		{DB96B5F1-D041-4FFD-B440-9166B59D7ADA}.Release|x86.Build.0 = Release|Any CPU
		{FDDF0ED5-B770-473F-9A2F-5E42EB45FF0B}.Debug|Any CPU.ActiveCfg = Debug|Any CPU
		{FDDF0ED5-B770-473F-9A2F-5E42EB45FF0B}.Debug|Any CPU.Build.0 = Debug|Any CPU
		{FDDF0ED5-B770-473F-9A2F-5E42EB45FF0B}.Debug|x64.ActiveCfg = Debug|Any CPU
		{FDDF0ED5-B770-473F-9A2F-5E42EB45FF0B}.Debug|x64.Build.0 = Debug|Any CPU
		{FDDF0ED5-B770-473F-9A2F-5E42EB45FF0B}.Debug|x86.ActiveCfg = Debug|Any CPU
		{FDDF0ED5-B770-473F-9A2F-5E42EB45FF0B}.Debug|x86.Build.0 = Debug|Any CPU
		{FDDF0ED5-B770-473F-9A2F-5E42EB45FF0B}.Release|Any CPU.ActiveCfg = Release|Any CPU
		{FDDF0ED5-B770-473F-9A2F-5E42EB45FF0B}.Release|Any CPU.Build.0 = Release|Any CPU
		{FDDF0ED5-B770-473F-9A2F-5E42EB45FF0B}.Release|x64.ActiveCfg = Release|Any CPU
		{FDDF0ED5-B770-473F-9A2F-5E42EB45FF0B}.Release|x64.Build.0 = Release|Any CPU
		{FDDF0ED5-B770-473F-9A2F-5E42EB45FF0B}.Release|x86.ActiveCfg = Release|Any CPU
		{FDDF0ED5-B770-473F-9A2F-5E42EB45FF0B}.Release|x86.Build.0 = Release|Any CPU
		{8321E538-1E1A-4510-8541-920B07FB879F}.Debug|Any CPU.ActiveCfg = Debug|Any CPU
		{8321E538-1E1A-4510-8541-920B07FB879F}.Debug|Any CPU.Build.0 = Debug|Any CPU
		{8321E538-1E1A-4510-8541-920B07FB879F}.Debug|x64.ActiveCfg = Debug|Any CPU
		{8321E538-1E1A-4510-8541-920B07FB879F}.Debug|x64.Build.0 = Debug|Any CPU
		{8321E538-1E1A-4510-8541-920B07FB879F}.Debug|x86.ActiveCfg = Debug|Any CPU
		{8321E538-1E1A-4510-8541-920B07FB879F}.Debug|x86.Build.0 = Debug|Any CPU
		{8321E538-1E1A-4510-8541-920B07FB879F}.Release|Any CPU.ActiveCfg = Release|Any CPU
		{8321E538-1E1A-4510-8541-920B07FB879F}.Release|Any CPU.Build.0 = Release|Any CPU
		{8321E538-1E1A-4510-8541-920B07FB879F}.Release|x64.ActiveCfg = Release|Any CPU
		{8321E538-1E1A-4510-8541-920B07FB879F}.Release|x64.Build.0 = Release|Any CPU
		{8321E538-1E1A-4510-8541-920B07FB879F}.Release|x86.ActiveCfg = Release|Any CPU
		{8321E538-1E1A-4510-8541-920B07FB879F}.Release|x86.Build.0 = Release|Any CPU
		{3736D4B7-5A13-489A-8894-BBCCE136587B}.Debug|Any CPU.ActiveCfg = Debug|Any CPU
		{3736D4B7-5A13-489A-8894-BBCCE136587B}.Debug|Any CPU.Build.0 = Debug|Any CPU
		{3736D4B7-5A13-489A-8894-BBCCE136587B}.Debug|x64.ActiveCfg = Debug|Any CPU
		{3736D4B7-5A13-489A-8894-BBCCE136587B}.Debug|x64.Build.0 = Debug|Any CPU
		{3736D4B7-5A13-489A-8894-BBCCE136587B}.Debug|x86.ActiveCfg = Debug|Any CPU
		{3736D4B7-5A13-489A-8894-BBCCE136587B}.Debug|x86.Build.0 = Debug|Any CPU
		{3736D4B7-5A13-489A-8894-BBCCE136587B}.Release|Any CPU.ActiveCfg = Release|Any CPU
		{3736D4B7-5A13-489A-8894-BBCCE136587B}.Release|Any CPU.Build.0 = Release|Any CPU
		{3736D4B7-5A13-489A-8894-BBCCE136587B}.Release|x64.ActiveCfg = Release|Any CPU
		{3736D4B7-5A13-489A-8894-BBCCE136587B}.Release|x64.Build.0 = Release|Any CPU
		{3736D4B7-5A13-489A-8894-BBCCE136587B}.Release|x86.ActiveCfg = Release|Any CPU
		{3736D4B7-5A13-489A-8894-BBCCE136587B}.Release|x86.Build.0 = Release|Any CPU
		{BA1AB8F2-1D17-4B1F-8675-122F9D5DF96E}.Debug|Any CPU.ActiveCfg = Debug|Any CPU
		{BA1AB8F2-1D17-4B1F-8675-122F9D5DF96E}.Debug|Any CPU.Build.0 = Debug|Any CPU
		{BA1AB8F2-1D17-4B1F-8675-122F9D5DF96E}.Debug|x64.ActiveCfg = Debug|Any CPU
		{BA1AB8F2-1D17-4B1F-8675-122F9D5DF96E}.Debug|x64.Build.0 = Debug|Any CPU
		{BA1AB8F2-1D17-4B1F-8675-122F9D5DF96E}.Debug|x86.ActiveCfg = Debug|Any CPU
		{BA1AB8F2-1D17-4B1F-8675-122F9D5DF96E}.Debug|x86.Build.0 = Debug|Any CPU
		{BA1AB8F2-1D17-4B1F-8675-122F9D5DF96E}.Release|Any CPU.ActiveCfg = Release|Any CPU
		{BA1AB8F2-1D17-4B1F-8675-122F9D5DF96E}.Release|Any CPU.Build.0 = Release|Any CPU
		{BA1AB8F2-1D17-4B1F-8675-122F9D5DF96E}.Release|x64.ActiveCfg = Release|Any CPU
		{BA1AB8F2-1D17-4B1F-8675-122F9D5DF96E}.Release|x64.Build.0 = Release|Any CPU
		{BA1AB8F2-1D17-4B1F-8675-122F9D5DF96E}.Release|x86.ActiveCfg = Release|Any CPU
		{BA1AB8F2-1D17-4B1F-8675-122F9D5DF96E}.Release|x86.Build.0 = Release|Any CPU
		{0EFD68BC-2B91-46F8-BE82-7647B3CB181A}.Debug|Any CPU.ActiveCfg = Debug|Any CPU
		{0EFD68BC-2B91-46F8-BE82-7647B3CB181A}.Debug|Any CPU.Build.0 = Debug|Any CPU
		{0EFD68BC-2B91-46F8-BE82-7647B3CB181A}.Debug|x64.ActiveCfg = Debug|Any CPU
		{0EFD68BC-2B91-46F8-BE82-7647B3CB181A}.Debug|x64.Build.0 = Debug|Any CPU
		{0EFD68BC-2B91-46F8-BE82-7647B3CB181A}.Debug|x86.ActiveCfg = Debug|Any CPU
		{0EFD68BC-2B91-46F8-BE82-7647B3CB181A}.Debug|x86.Build.0 = Debug|Any CPU
		{0EFD68BC-2B91-46F8-BE82-7647B3CB181A}.Release|Any CPU.ActiveCfg = Release|Any CPU
		{0EFD68BC-2B91-46F8-BE82-7647B3CB181A}.Release|Any CPU.Build.0 = Release|Any CPU
		{0EFD68BC-2B91-46F8-BE82-7647B3CB181A}.Release|x64.ActiveCfg = Release|Any CPU
		{0EFD68BC-2B91-46F8-BE82-7647B3CB181A}.Release|x64.Build.0 = Release|Any CPU
		{0EFD68BC-2B91-46F8-BE82-7647B3CB181A}.Release|x86.ActiveCfg = Release|Any CPU
		{0EFD68BC-2B91-46F8-BE82-7647B3CB181A}.Release|x86.Build.0 = Release|Any CPU
		{891712DF-5A25-471F-BB78-551692978D27}.Debug|Any CPU.ActiveCfg = Debug|Any CPU
		{891712DF-5A25-471F-BB78-551692978D27}.Debug|Any CPU.Build.0 = Debug|Any CPU
		{891712DF-5A25-471F-BB78-551692978D27}.Debug|x64.ActiveCfg = Debug|Any CPU
		{891712DF-5A25-471F-BB78-551692978D27}.Debug|x64.Build.0 = Debug|Any CPU
		{891712DF-5A25-471F-BB78-551692978D27}.Debug|x86.ActiveCfg = Debug|Any CPU
		{891712DF-5A25-471F-BB78-551692978D27}.Debug|x86.Build.0 = Debug|Any CPU
		{891712DF-5A25-471F-BB78-551692978D27}.Release|Any CPU.ActiveCfg = Release|Any CPU
		{891712DF-5A25-471F-BB78-551692978D27}.Release|Any CPU.Build.0 = Release|Any CPU
		{891712DF-5A25-471F-BB78-551692978D27}.Release|x64.ActiveCfg = Release|Any CPU
		{891712DF-5A25-471F-BB78-551692978D27}.Release|x64.Build.0 = Release|Any CPU
		{891712DF-5A25-471F-BB78-551692978D27}.Release|x86.ActiveCfg = Release|Any CPU
		{891712DF-5A25-471F-BB78-551692978D27}.Release|x86.Build.0 = Release|Any CPU
		{DFA34EBB-121B-47BF-A57C-5F3A8AA128F6}.Debug|Any CPU.ActiveCfg = Debug|Any CPU
		{DFA34EBB-121B-47BF-A57C-5F3A8AA128F6}.Debug|Any CPU.Build.0 = Debug|Any CPU
		{DFA34EBB-121B-47BF-A57C-5F3A8AA128F6}.Debug|x64.ActiveCfg = Debug|Any CPU
		{DFA34EBB-121B-47BF-A57C-5F3A8AA128F6}.Debug|x64.Build.0 = Debug|Any CPU
		{DFA34EBB-121B-47BF-A57C-5F3A8AA128F6}.Debug|x86.ActiveCfg = Debug|Any CPU
		{DFA34EBB-121B-47BF-A57C-5F3A8AA128F6}.Debug|x86.Build.0 = Debug|Any CPU
		{DFA34EBB-121B-47BF-A57C-5F3A8AA128F6}.Release|Any CPU.ActiveCfg = Release|Any CPU
		{DFA34EBB-121B-47BF-A57C-5F3A8AA128F6}.Release|Any CPU.Build.0 = Release|Any CPU
		{DFA34EBB-121B-47BF-A57C-5F3A8AA128F6}.Release|x64.ActiveCfg = Release|Any CPU
		{DFA34EBB-121B-47BF-A57C-5F3A8AA128F6}.Release|x64.Build.0 = Release|Any CPU
		{DFA34EBB-121B-47BF-A57C-5F3A8AA128F6}.Release|x86.ActiveCfg = Release|Any CPU
		{DFA34EBB-121B-47BF-A57C-5F3A8AA128F6}.Release|x86.Build.0 = Release|Any CPU
		{36FEE4BF-4745-4338-B3ED-20D72B711DB9}.Debug|Any CPU.ActiveCfg = Debug|Any CPU
		{36FEE4BF-4745-4338-B3ED-20D72B711DB9}.Debug|Any CPU.Build.0 = Debug|Any CPU
		{36FEE4BF-4745-4338-B3ED-20D72B711DB9}.Debug|x64.ActiveCfg = Debug|Any CPU
		{36FEE4BF-4745-4338-B3ED-20D72B711DB9}.Debug|x64.Build.0 = Debug|Any CPU
		{36FEE4BF-4745-4338-B3ED-20D72B711DB9}.Debug|x86.ActiveCfg = Debug|Any CPU
		{36FEE4BF-4745-4338-B3ED-20D72B711DB9}.Debug|x86.Build.0 = Debug|Any CPU
		{36FEE4BF-4745-4338-B3ED-20D72B711DB9}.Release|Any CPU.ActiveCfg = Release|Any CPU
		{36FEE4BF-4745-4338-B3ED-20D72B711DB9}.Release|Any CPU.Build.0 = Release|Any CPU
		{36FEE4BF-4745-4338-B3ED-20D72B711DB9}.Release|x64.ActiveCfg = Release|Any CPU
		{36FEE4BF-4745-4338-B3ED-20D72B711DB9}.Release|x64.Build.0 = Release|Any CPU
		{36FEE4BF-4745-4338-B3ED-20D72B711DB9}.Release|x86.ActiveCfg = Release|Any CPU
		{36FEE4BF-4745-4338-B3ED-20D72B711DB9}.Release|x86.Build.0 = Release|Any CPU
		{97AD13F7-7D03-4BC4-A2EC-061C3CB821AF}.Debug|Any CPU.ActiveCfg = Debug|Any CPU
		{97AD13F7-7D03-4BC4-A2EC-061C3CB821AF}.Debug|Any CPU.Build.0 = Debug|Any CPU
		{97AD13F7-7D03-4BC4-A2EC-061C3CB821AF}.Debug|x64.ActiveCfg = Debug|Any CPU
		{97AD13F7-7D03-4BC4-A2EC-061C3CB821AF}.Debug|x64.Build.0 = Debug|Any CPU
		{97AD13F7-7D03-4BC4-A2EC-061C3CB821AF}.Debug|x86.ActiveCfg = Debug|Any CPU
		{97AD13F7-7D03-4BC4-A2EC-061C3CB821AF}.Debug|x86.Build.0 = Debug|Any CPU
		{97AD13F7-7D03-4BC4-A2EC-061C3CB821AF}.Release|Any CPU.ActiveCfg = Release|Any CPU
		{97AD13F7-7D03-4BC4-A2EC-061C3CB821AF}.Release|Any CPU.Build.0 = Release|Any CPU
		{97AD13F7-7D03-4BC4-A2EC-061C3CB821AF}.Release|x64.ActiveCfg = Release|Any CPU
		{97AD13F7-7D03-4BC4-A2EC-061C3CB821AF}.Release|x64.Build.0 = Release|Any CPU
		{97AD13F7-7D03-4BC4-A2EC-061C3CB821AF}.Release|x86.ActiveCfg = Release|Any CPU
		{97AD13F7-7D03-4BC4-A2EC-061C3CB821AF}.Release|x86.Build.0 = Release|Any CPU
		{86E106F2-C0C1-4060-B028-E23C030AE725}.Debug|Any CPU.ActiveCfg = Debug|Any CPU
		{86E106F2-C0C1-4060-B028-E23C030AE725}.Debug|Any CPU.Build.0 = Debug|Any CPU
		{86E106F2-C0C1-4060-B028-E23C030AE725}.Debug|x64.ActiveCfg = Debug|Any CPU
		{86E106F2-C0C1-4060-B028-E23C030AE725}.Debug|x64.Build.0 = Debug|Any CPU
		{86E106F2-C0C1-4060-B028-E23C030AE725}.Debug|x86.ActiveCfg = Debug|Any CPU
		{86E106F2-C0C1-4060-B028-E23C030AE725}.Debug|x86.Build.0 = Debug|Any CPU
		{86E106F2-C0C1-4060-B028-E23C030AE725}.Release|Any CPU.ActiveCfg = Release|Any CPU
		{86E106F2-C0C1-4060-B028-E23C030AE725}.Release|Any CPU.Build.0 = Release|Any CPU
		{86E106F2-C0C1-4060-B028-E23C030AE725}.Release|x64.ActiveCfg = Release|Any CPU
		{86E106F2-C0C1-4060-B028-E23C030AE725}.Release|x64.Build.0 = Release|Any CPU
		{86E106F2-C0C1-4060-B028-E23C030AE725}.Release|x86.ActiveCfg = Release|Any CPU
		{86E106F2-C0C1-4060-B028-E23C030AE725}.Release|x86.Build.0 = Release|Any CPU
		{BB43C2C2-5755-4371-9956-E4C8C5F310C6}.Debug|Any CPU.ActiveCfg = Debug|Any CPU
		{BB43C2C2-5755-4371-9956-E4C8C5F310C6}.Debug|Any CPU.Build.0 = Debug|Any CPU
		{BB43C2C2-5755-4371-9956-E4C8C5F310C6}.Debug|x64.ActiveCfg = Debug|Any CPU
		{BB43C2C2-5755-4371-9956-E4C8C5F310C6}.Debug|x64.Build.0 = Debug|Any CPU
		{BB43C2C2-5755-4371-9956-E4C8C5F310C6}.Debug|x86.ActiveCfg = Debug|Any CPU
		{BB43C2C2-5755-4371-9956-E4C8C5F310C6}.Debug|x86.Build.0 = Debug|Any CPU
		{BB43C2C2-5755-4371-9956-E4C8C5F310C6}.Release|Any CPU.ActiveCfg = Release|Any CPU
		{BB43C2C2-5755-4371-9956-E4C8C5F310C6}.Release|Any CPU.Build.0 = Release|Any CPU
		{BB43C2C2-5755-4371-9956-E4C8C5F310C6}.Release|x64.ActiveCfg = Release|Any CPU
		{BB43C2C2-5755-4371-9956-E4C8C5F310C6}.Release|x64.Build.0 = Release|Any CPU
		{BB43C2C2-5755-4371-9956-E4C8C5F310C6}.Release|x86.ActiveCfg = Release|Any CPU
		{BB43C2C2-5755-4371-9956-E4C8C5F310C6}.Release|x86.Build.0 = Release|Any CPU
		{76D2ED9A-6081-4962-8564-6352D05A15C2}.Debug|Any CPU.ActiveCfg = Debug|Any CPU
		{76D2ED9A-6081-4962-8564-6352D05A15C2}.Debug|Any CPU.Build.0 = Debug|Any CPU
		{76D2ED9A-6081-4962-8564-6352D05A15C2}.Debug|x64.ActiveCfg = Debug|Any CPU
		{76D2ED9A-6081-4962-8564-6352D05A15C2}.Debug|x64.Build.0 = Debug|Any CPU
		{76D2ED9A-6081-4962-8564-6352D05A15C2}.Debug|x86.ActiveCfg = Debug|Any CPU
		{76D2ED9A-6081-4962-8564-6352D05A15C2}.Debug|x86.Build.0 = Debug|Any CPU
		{76D2ED9A-6081-4962-8564-6352D05A15C2}.Release|Any CPU.ActiveCfg = Release|Any CPU
		{76D2ED9A-6081-4962-8564-6352D05A15C2}.Release|Any CPU.Build.0 = Release|Any CPU
		{76D2ED9A-6081-4962-8564-6352D05A15C2}.Release|x64.ActiveCfg = Release|Any CPU
		{76D2ED9A-6081-4962-8564-6352D05A15C2}.Release|x64.Build.0 = Release|Any CPU
		{76D2ED9A-6081-4962-8564-6352D05A15C2}.Release|x86.ActiveCfg = Release|Any CPU
		{76D2ED9A-6081-4962-8564-6352D05A15C2}.Release|x86.Build.0 = Release|Any CPU
		{67A2799C-EF04-40E7-A33D-E047CD09B130}.Debug|Any CPU.ActiveCfg = Debug|Any CPU
		{67A2799C-EF04-40E7-A33D-E047CD09B130}.Debug|Any CPU.Build.0 = Debug|Any CPU
		{67A2799C-EF04-40E7-A33D-E047CD09B130}.Debug|x64.ActiveCfg = Debug|Any CPU
		{67A2799C-EF04-40E7-A33D-E047CD09B130}.Debug|x64.Build.0 = Debug|Any CPU
		{67A2799C-EF04-40E7-A33D-E047CD09B130}.Debug|x86.ActiveCfg = Debug|Any CPU
		{67A2799C-EF04-40E7-A33D-E047CD09B130}.Debug|x86.Build.0 = Debug|Any CPU
		{67A2799C-EF04-40E7-A33D-E047CD09B130}.Release|Any CPU.ActiveCfg = Release|Any CPU
		{67A2799C-EF04-40E7-A33D-E047CD09B130}.Release|Any CPU.Build.0 = Release|Any CPU
		{67A2799C-EF04-40E7-A33D-E047CD09B130}.Release|x64.ActiveCfg = Release|Any CPU
		{67A2799C-EF04-40E7-A33D-E047CD09B130}.Release|x64.Build.0 = Release|Any CPU
		{67A2799C-EF04-40E7-A33D-E047CD09B130}.Release|x86.ActiveCfg = Release|Any CPU
		{67A2799C-EF04-40E7-A33D-E047CD09B130}.Release|x86.Build.0 = Release|Any CPU
		{6A4600BD-37D5-4E73-937D-99CEE1646C64}.Debug|Any CPU.ActiveCfg = Debug|Any CPU
		{6A4600BD-37D5-4E73-937D-99CEE1646C64}.Debug|Any CPU.Build.0 = Debug|Any CPU
		{6A4600BD-37D5-4E73-937D-99CEE1646C64}.Debug|x64.ActiveCfg = Debug|Any CPU
		{6A4600BD-37D5-4E73-937D-99CEE1646C64}.Debug|x64.Build.0 = Debug|Any CPU
		{6A4600BD-37D5-4E73-937D-99CEE1646C64}.Debug|x86.ActiveCfg = Debug|Any CPU
		{6A4600BD-37D5-4E73-937D-99CEE1646C64}.Debug|x86.Build.0 = Debug|Any CPU
		{6A4600BD-37D5-4E73-937D-99CEE1646C64}.Release|Any CPU.ActiveCfg = Release|Any CPU
		{6A4600BD-37D5-4E73-937D-99CEE1646C64}.Release|Any CPU.Build.0 = Release|Any CPU
		{6A4600BD-37D5-4E73-937D-99CEE1646C64}.Release|x64.ActiveCfg = Release|Any CPU
		{6A4600BD-37D5-4E73-937D-99CEE1646C64}.Release|x64.Build.0 = Release|Any CPU
		{6A4600BD-37D5-4E73-937D-99CEE1646C64}.Release|x86.ActiveCfg = Release|Any CPU
		{6A4600BD-37D5-4E73-937D-99CEE1646C64}.Release|x86.Build.0 = Release|Any CPU
		{2ABC6C75-FCCB-47B6-B2BB-8013AC96C10A}.Debug|Any CPU.ActiveCfg = Debug|Any CPU
		{2ABC6C75-FCCB-47B6-B2BB-8013AC96C10A}.Debug|Any CPU.Build.0 = Debug|Any CPU
		{2ABC6C75-FCCB-47B6-B2BB-8013AC96C10A}.Debug|x64.ActiveCfg = Debug|Any CPU
		{2ABC6C75-FCCB-47B6-B2BB-8013AC96C10A}.Debug|x64.Build.0 = Debug|Any CPU
		{2ABC6C75-FCCB-47B6-B2BB-8013AC96C10A}.Debug|x86.ActiveCfg = Debug|Any CPU
		{2ABC6C75-FCCB-47B6-B2BB-8013AC96C10A}.Debug|x86.Build.0 = Debug|Any CPU
		{2ABC6C75-FCCB-47B6-B2BB-8013AC96C10A}.Release|Any CPU.ActiveCfg = Release|Any CPU
		{2ABC6C75-FCCB-47B6-B2BB-8013AC96C10A}.Release|Any CPU.Build.0 = Release|Any CPU
		{2ABC6C75-FCCB-47B6-B2BB-8013AC96C10A}.Release|x64.ActiveCfg = Release|Any CPU
		{2ABC6C75-FCCB-47B6-B2BB-8013AC96C10A}.Release|x64.Build.0 = Release|Any CPU
		{2ABC6C75-FCCB-47B6-B2BB-8013AC96C10A}.Release|x86.ActiveCfg = Release|Any CPU
		{2ABC6C75-FCCB-47B6-B2BB-8013AC96C10A}.Release|x86.Build.0 = Release|Any CPU
		{2808BD7C-4EFF-4604-B50C-997F4B39420A}.Debug|Any CPU.ActiveCfg = Debug|Any CPU
		{2808BD7C-4EFF-4604-B50C-997F4B39420A}.Debug|Any CPU.Build.0 = Debug|Any CPU
		{2808BD7C-4EFF-4604-B50C-997F4B39420A}.Debug|x64.ActiveCfg = Debug|Any CPU
		{2808BD7C-4EFF-4604-B50C-997F4B39420A}.Debug|x64.Build.0 = Debug|Any CPU
		{2808BD7C-4EFF-4604-B50C-997F4B39420A}.Debug|x86.ActiveCfg = Debug|Any CPU
		{2808BD7C-4EFF-4604-B50C-997F4B39420A}.Debug|x86.Build.0 = Debug|Any CPU
		{2808BD7C-4EFF-4604-B50C-997F4B39420A}.Release|Any CPU.ActiveCfg = Release|Any CPU
		{2808BD7C-4EFF-4604-B50C-997F4B39420A}.Release|Any CPU.Build.0 = Release|Any CPU
		{2808BD7C-4EFF-4604-B50C-997F4B39420A}.Release|x64.ActiveCfg = Release|Any CPU
		{2808BD7C-4EFF-4604-B50C-997F4B39420A}.Release|x64.Build.0 = Release|Any CPU
		{2808BD7C-4EFF-4604-B50C-997F4B39420A}.Release|x86.ActiveCfg = Release|Any CPU
		{2808BD7C-4EFF-4604-B50C-997F4B39420A}.Release|x86.Build.0 = Release|Any CPU
		{01356035-636F-4DA6-A632-83299460DE30}.Debug|Any CPU.ActiveCfg = Debug|Any CPU
		{01356035-636F-4DA6-A632-83299460DE30}.Debug|Any CPU.Build.0 = Debug|Any CPU
		{01356035-636F-4DA6-A632-83299460DE30}.Debug|x64.ActiveCfg = Debug|Any CPU
		{01356035-636F-4DA6-A632-83299460DE30}.Debug|x64.Build.0 = Debug|Any CPU
		{01356035-636F-4DA6-A632-83299460DE30}.Debug|x86.ActiveCfg = Debug|Any CPU
		{01356035-636F-4DA6-A632-83299460DE30}.Debug|x86.Build.0 = Debug|Any CPU
		{01356035-636F-4DA6-A632-83299460DE30}.Release|Any CPU.ActiveCfg = Release|Any CPU
		{01356035-636F-4DA6-A632-83299460DE30}.Release|Any CPU.Build.0 = Release|Any CPU
		{01356035-636F-4DA6-A632-83299460DE30}.Release|x64.ActiveCfg = Release|Any CPU
		{01356035-636F-4DA6-A632-83299460DE30}.Release|x64.Build.0 = Release|Any CPU
		{01356035-636F-4DA6-A632-83299460DE30}.Release|x86.ActiveCfg = Release|Any CPU
		{01356035-636F-4DA6-A632-83299460DE30}.Release|x86.Build.0 = Release|Any CPU
		{9676260E-825E-409A-843F-651A6A777D31}.Debug|Any CPU.ActiveCfg = Debug|Any CPU
		{9676260E-825E-409A-843F-651A6A777D31}.Debug|Any CPU.Build.0 = Debug|Any CPU
		{9676260E-825E-409A-843F-651A6A777D31}.Debug|x64.ActiveCfg = Debug|Any CPU
		{9676260E-825E-409A-843F-651A6A777D31}.Debug|x64.Build.0 = Debug|Any CPU
		{9676260E-825E-409A-843F-651A6A777D31}.Debug|x86.ActiveCfg = Debug|Any CPU
		{9676260E-825E-409A-843F-651A6A777D31}.Debug|x86.Build.0 = Debug|Any CPU
		{9676260E-825E-409A-843F-651A6A777D31}.Release|Any CPU.ActiveCfg = Release|Any CPU
		{9676260E-825E-409A-843F-651A6A777D31}.Release|Any CPU.Build.0 = Release|Any CPU
		{9676260E-825E-409A-843F-651A6A777D31}.Release|x64.ActiveCfg = Release|Any CPU
		{9676260E-825E-409A-843F-651A6A777D31}.Release|x64.Build.0 = Release|Any CPU
		{9676260E-825E-409A-843F-651A6A777D31}.Release|x86.ActiveCfg = Release|Any CPU
		{9676260E-825E-409A-843F-651A6A777D31}.Release|x86.Build.0 = Release|Any CPU
		{5CC35EC0-D916-44A3-A0EA-6D2E755D7041}.Debug|Any CPU.ActiveCfg = Debug|Any CPU
		{5CC35EC0-D916-44A3-A0EA-6D2E755D7041}.Debug|Any CPU.Build.0 = Debug|Any CPU
		{5CC35EC0-D916-44A3-A0EA-6D2E755D7041}.Debug|x64.ActiveCfg = Debug|Any CPU
		{5CC35EC0-D916-44A3-A0EA-6D2E755D7041}.Debug|x64.Build.0 = Debug|Any CPU
		{5CC35EC0-D916-44A3-A0EA-6D2E755D7041}.Debug|x86.ActiveCfg = Debug|Any CPU
		{5CC35EC0-D916-44A3-A0EA-6D2E755D7041}.Debug|x86.Build.0 = Debug|Any CPU
		{5CC35EC0-D916-44A3-A0EA-6D2E755D7041}.Release|Any CPU.ActiveCfg = Release|Any CPU
		{5CC35EC0-D916-44A3-A0EA-6D2E755D7041}.Release|Any CPU.Build.0 = Release|Any CPU
		{5CC35EC0-D916-44A3-A0EA-6D2E755D7041}.Release|x64.ActiveCfg = Release|Any CPU
		{5CC35EC0-D916-44A3-A0EA-6D2E755D7041}.Release|x64.Build.0 = Release|Any CPU
		{5CC35EC0-D916-44A3-A0EA-6D2E755D7041}.Release|x86.ActiveCfg = Release|Any CPU
		{5CC35EC0-D916-44A3-A0EA-6D2E755D7041}.Release|x86.Build.0 = Release|Any CPU
		{63B0B75A-8375-447E-BC2D-30A95DF2370C}.Debug|Any CPU.ActiveCfg = Debug|Any CPU
		{63B0B75A-8375-447E-BC2D-30A95DF2370C}.Debug|Any CPU.Build.0 = Debug|Any CPU
		{63B0B75A-8375-447E-BC2D-30A95DF2370C}.Debug|x64.ActiveCfg = Debug|Any CPU
		{63B0B75A-8375-447E-BC2D-30A95DF2370C}.Debug|x64.Build.0 = Debug|Any CPU
		{63B0B75A-8375-447E-BC2D-30A95DF2370C}.Debug|x86.ActiveCfg = Debug|Any CPU
		{63B0B75A-8375-447E-BC2D-30A95DF2370C}.Debug|x86.Build.0 = Debug|Any CPU
		{63B0B75A-8375-447E-BC2D-30A95DF2370C}.Release|Any CPU.ActiveCfg = Release|Any CPU
		{63B0B75A-8375-447E-BC2D-30A95DF2370C}.Release|Any CPU.Build.0 = Release|Any CPU
		{63B0B75A-8375-447E-BC2D-30A95DF2370C}.Release|x64.ActiveCfg = Release|Any CPU
		{63B0B75A-8375-447E-BC2D-30A95DF2370C}.Release|x64.Build.0 = Release|Any CPU
		{63B0B75A-8375-447E-BC2D-30A95DF2370C}.Release|x86.ActiveCfg = Release|Any CPU
		{63B0B75A-8375-447E-BC2D-30A95DF2370C}.Release|x86.Build.0 = Release|Any CPU
		{36855727-61C3-4C61-8249-F26BB1A694BD}.Debug|Any CPU.ActiveCfg = Debug|Any CPU
		{36855727-61C3-4C61-8249-F26BB1A694BD}.Debug|Any CPU.Build.0 = Debug|Any CPU
		{36855727-61C3-4C61-8249-F26BB1A694BD}.Debug|x64.ActiveCfg = Debug|Any CPU
		{36855727-61C3-4C61-8249-F26BB1A694BD}.Debug|x64.Build.0 = Debug|Any CPU
		{36855727-61C3-4C61-8249-F26BB1A694BD}.Debug|x86.ActiveCfg = Debug|Any CPU
		{36855727-61C3-4C61-8249-F26BB1A694BD}.Debug|x86.Build.0 = Debug|Any CPU
		{36855727-61C3-4C61-8249-F26BB1A694BD}.Release|Any CPU.ActiveCfg = Release|Any CPU
		{36855727-61C3-4C61-8249-F26BB1A694BD}.Release|Any CPU.Build.0 = Release|Any CPU
		{36855727-61C3-4C61-8249-F26BB1A694BD}.Release|x64.ActiveCfg = Release|Any CPU
		{36855727-61C3-4C61-8249-F26BB1A694BD}.Release|x64.Build.0 = Release|Any CPU
		{36855727-61C3-4C61-8249-F26BB1A694BD}.Release|x86.ActiveCfg = Release|Any CPU
		{36855727-61C3-4C61-8249-F26BB1A694BD}.Release|x86.Build.0 = Release|Any CPU
	EndGlobalSection
	GlobalSection(SolutionProperties) = preSolution
		HideSolutionNode = FALSE
	EndGlobalSection
	GlobalSection(NestedProjects) = preSolution
		{693D48D2-2BCB-42BB-B49B-93630CD16543} = {5D20AA90-6969-D8BD-9DCD-8634F4692FDA}
		{E84B9637-9560-40B8-8EB9-2B53DAA397B4} = {693D48D2-2BCB-42BB-B49B-93630CD16543}
		{8FCBC369-CBEF-4DD4-84BF-52E20975F37B} = {5D20AA90-6969-D8BD-9DCD-8634F4692FDA}
		{E50217DD-B469-481B-BAE7-84CA676090E4} = {8FCBC369-CBEF-4DD4-84BF-52E20975F37B}
		{5F073407-69B2-4BD2-B33A-36A0688F9AA5} = {5D20AA90-6969-D8BD-9DCD-8634F4692FDA}
		{511097AB-3BBB-438F-98F2-F847A0DFB4C0} = {5F073407-69B2-4BD2-B33A-36A0688F9AA5}
		{EC7F2684-CB12-43F3-9A91-2805E4E3CFA3} = {5D20AA90-6969-D8BD-9DCD-8634F4692FDA}
		{6DA06027-CDAF-4787-9C10-C9E2B78B23C0} = {EC7F2684-CB12-43F3-9A91-2805E4E3CFA3}
		{B1EC2B45-C247-4683-B266-2028B8472044} = {5D20AA90-6969-D8BD-9DCD-8634F4692FDA}
		{B106B2E6-208B-4C8C-A555-BA0A9CB9EF03} = {B1EC2B45-C247-4683-B266-2028B8472044}
		{2DBF1BD0-4270-41A5-B93F-02408D6C3C2F} = {B106B2E6-208B-4C8C-A555-BA0A9CB9EF03}
		{D4264254-68C6-44EC-9F1D-9D973297ABD0} = {B1EC2B45-C247-4683-B266-2028B8472044}
		{3446A9CB-385C-4DF6-B854-1BB0D4BC8C0E} = {D4264254-68C6-44EC-9F1D-9D973297ABD0}
		{48E333F3-86D9-4D7E-A596-490A9A3EB25C} = {B1EC2B45-C247-4683-B266-2028B8472044}
		{6588EDA0-2023-46B1-8E01-639E64657FC7} = {48E333F3-86D9-4D7E-A596-490A9A3EB25C}
		{E11C69E9-F3C4-4FEB-80BE-638E2C9AFD6A} = {B1EC2B45-C247-4683-B266-2028B8472044}
		{284F3798-6054-4601-BE79-0D09CB648463} = {E11C69E9-F3C4-4FEB-80BE-638E2C9AFD6A}
		{09B8634A-8A45-E329-C7E8-D6730E20975A} = {5D20AA90-6969-D8BD-9DCD-8634F4692FDA}
		{A205F63E-9262-A6EA-1259-2AB8D6A6526A} = {09B8634A-8A45-E329-C7E8-D6730E20975A}
		{86394441-8BD3-4689-8EC3-BF1EEA577B63} = {A205F63E-9262-A6EA-1259-2AB8D6A6526A}
		{6C168FF4-8DAB-005B-2724-B3F566025DC8} = {09B8634A-8A45-E329-C7E8-D6730E20975A}
		{BC57901C-B311-477C-B46A-A2A43D4CF8A5} = {6C168FF4-8DAB-005B-2724-B3F566025DC8}
		{B6DC7F54-4D8A-AE8C-73BE-91B346521EA2} = {5D20AA90-6969-D8BD-9DCD-8634F4692FDA}
		{8707DA8F-AC9C-49F5-B0AA-8F972AEF799A} = {B6DC7F54-4D8A-AE8C-73BE-91B346521EA2}
		{7AA6D428-DB47-4449-8017-B1778EAFC4D0} = {5D20AA90-6969-D8BD-9DCD-8634F4692FDA}
		{8EC0D5E7-9FB7-4E5F-8651-9AD3B4A81015} = {7AA6D428-DB47-4449-8017-B1778EAFC4D0}
		{8A719913-8E05-9940-C524-29DCC2561D48} = {5D20AA90-6969-D8BD-9DCD-8634F4692FDA}
		{2EC36517-3149-4BC9-B7B1-05E3DF7A16B2} = {8A719913-8E05-9940-C524-29DCC2561D48}
		{45FC5DDE-7E80-78D9-08E5-F92CCC639C2A} = {5D20AA90-6969-D8BD-9DCD-8634F4692FDA}
		{FDDF0ED5-B770-473F-9A2F-5E42EB45FF0B} = {45FC5DDE-7E80-78D9-08E5-F92CCC639C2A}
		{67ACE650-583F-34B5-7BA9-757A0AD3D001} = {5D20AA90-6969-D8BD-9DCD-8634F4692FDA}
		{8321E538-1E1A-4510-8541-920B07FB879F} = {67ACE650-583F-34B5-7BA9-757A0AD3D001}
		{B7CE67B7-CE36-55D7-5252-0543029844D0} = {5D20AA90-6969-D8BD-9DCD-8634F4692FDA}
		{BA1AB8F2-1D17-4B1F-8675-122F9D5DF96E} = {B7CE67B7-CE36-55D7-5252-0543029844D0}
		{598277F7-A96D-9819-2B93-BF408E15A802} = {5D20AA90-6969-D8BD-9DCD-8634F4692FDA}
		{97AD13F7-7D03-4BC4-A2EC-061C3CB821AF} = {598277F7-A96D-9819-2B93-BF408E15A802}
		{3AC9FDAF-F370-0836-E996-E29BE5B35497} = {598277F7-A96D-9819-2B93-BF408E15A802}
		{86E106F2-C0C1-4060-B028-E23C030AE725} = {3AC9FDAF-F370-0836-E996-E29BE5B35497}
		{5978954A-9992-9E64-D910-9FD1854191A8} = {5D20AA90-6969-D8BD-9DCD-8634F4692FDA}
		{67A2799C-EF04-40E7-A33D-E047CD09B130} = {5978954A-9992-9E64-D910-9FD1854191A8}
	EndGlobalSection
EndGlobal
