
Microsoft Visual Studio Solution File, Format Version 12.00
# Visual Studio Version 17
VisualStudioVersion = 17.0.31903.59
MinimumVisualStudioVersion = 10.0.40219.1
Project("{FAE04EC0-301F-11D3-BF4B-00C04F79EFBC}") = "CloudShell.Host", "CloudShell.Host\CloudShell.Host.csproj", "{739E3295-8A20-4EBB-A9EE-A6F4A1D65A95}"
EndProject
Project("{FAE04EC0-301F-11D3-BF4B-00C04F79EFBC}") = "CloudShell.Abstractions", "CloudShell.Abstractions\CloudShell.Abstractions.csproj", "{3266CD09-615B-4E0C-8EFE-9AEC93AB932A}"
EndProject
Project("{FAE04EC0-301F-11D3-BF4B-00C04F79EFBC}") = "CloudShell.Providers.Docker", "CloudShell.Providers.Docker\CloudShell.Providers.Docker.csproj", "{3813269A-C036-466D-A0D7-8166865E06ED}"
EndProject
Project("{FAE04EC0-301F-11D3-BF4B-00C04F79EFBC}") = "CloudShell.Abstractions.Tests", "CloudShell.Abstractions.Tests\CloudShell.Abstractions.Tests.csproj", "{43364D55-A5B4-4E5A-B3EC-BD41F9AE1A79}"
EndProject
Project("{FAE04EC0-301F-11D3-BF4B-00C04F79EFBC}") = "CloudShell.Persistence", "CloudShell.Persistence\CloudShell.Persistence.csproj", "{8529CD5E-1232-4863-9A54-328504FCDCE4}"
EndProject
Project("{FAE04EC0-301F-11D3-BF4B-00C04F79EFBC}") = "CloudShell.ControlPlane", "CloudShell.ControlPlane\CloudShell.ControlPlane.csproj", "{D494B721-FD5D-4D06-9427-15FCCE03C533}"
EndProject
Project("{FAE04EC0-301F-11D3-BF4B-00C04F79EFBC}") = "CloudShell.Providers.Applications", "CloudShell.Providers.Applications\CloudShell.Providers.Applications.csproj", "{800A8EF1-00FD-4581-941E-691AFE6634D1}"
EndProject
Project("{2150E333-8FDC-42A3-9474-1A3956D46DE8}") = "samples", "samples", "{5D20AA90-6969-D8BD-9DCD-8634F4692FDA}"
EndProject
Project("{FAE04EC0-301F-11D3-BF4B-00C04F79EFBC}") = "CloudShell.ExampleWebApi", "samples\CloudShell.ExampleWebApi\CloudShell.ExampleWebApi.csproj", "{E84B9637-9560-40B8-8EB9-2B53DAA397B4}"
EndProject
Project("{FAE04EC0-301F-11D3-BF4B-00C04F79EFBC}") = "CloudShell.Providers.Configuration", "CloudShell.Providers.Configuration\CloudShell.Providers.Configuration.csproj", "{412E9195-B99C-4A64-B2B1-11CD8CF23C4B}"
EndProject
Project("{FAE04EC0-301F-11D3-BF4B-00C04F79EFBC}") = "CloudShell.Configuration", "CloudShell.Configuration\CloudShell.Configuration.csproj", "{6C03B0A1-97F6-4F36-9101-298E0BD2856A}"
EndProject
Project("{FAE04EC0-301F-11D3-BF4B-00C04F79EFBC}") = "CloudShell.ConfigurationService", "CloudShell.ConfigurationService\CloudShell.ConfigurationService.csproj", "{B70C9818-051F-40BD-8A95-CF481B8984C1}"
EndProject
Project("{FAE04EC0-301F-11D3-BF4B-00C04F79EFBC}") = "CloudShell.UiExtensionHost", "samples\CloudShell.UiExtensionHost\CloudShell.UiExtensionHost.csproj", "{E50217DD-B469-481B-BAE7-84CA676090E4}"
EndProject
Project("{FAE04EC0-301F-11D3-BF4B-00C04F79EFBC}") = "CloudShell.ResourceHost", "samples\CloudShell.ResourceHost\CloudShell.ResourceHost.csproj", "{511097AB-3BBB-438F-98F2-F847A0DFB4C0}"
EndProject
Project("{FAE04EC0-301F-11D3-BF4B-00C04F79EFBC}") = "CloudShell.Hosting", "CloudShell.Hosting\CloudShell.Hosting.csproj", "{822F4EAD-3541-4B39-B3AB-AB94FFD458B7}"
EndProject
Global
	GlobalSection(SolutionConfigurationPlatforms) = preSolution
		Debug|Any CPU = Debug|Any CPU
		Debug|x64 = Debug|x64
		Debug|x86 = Debug|x86
		Release|Any CPU = Release|Any CPU
		Release|x64 = Release|x64
		Release|x86 = Release|x86
	EndGlobalSection
	GlobalSection(ProjectConfigurationPlatforms) = postSolution
		{739E3295-8A20-4EBB-A9EE-A6F4A1D65A95}.Debug|Any CPU.ActiveCfg = Debug|Any CPU
		{739E3295-8A20-4EBB-A9EE-A6F4A1D65A95}.Debug|Any CPU.Build.0 = Debug|Any CPU
		{739E3295-8A20-4EBB-A9EE-A6F4A1D65A95}.Debug|x64.ActiveCfg = Debug|Any CPU
		{739E3295-8A20-4EBB-A9EE-A6F4A1D65A95}.Debug|x64.Build.0 = Debug|Any CPU
		{739E3295-8A20-4EBB-A9EE-A6F4A1D65A95}.Debug|x86.ActiveCfg = Debug|Any CPU
		{739E3295-8A20-4EBB-A9EE-A6F4A1D65A95}.Debug|x86.Build.0 = Debug|Any CPU
		{739E3295-8A20-4EBB-A9EE-A6F4A1D65A95}.Release|Any CPU.ActiveCfg = Release|Any CPU
		{739E3295-8A20-4EBB-A9EE-A6F4A1D65A95}.Release|Any CPU.Build.0 = Release|Any CPU
		{739E3295-8A20-4EBB-A9EE-A6F4A1D65A95}.Release|x64.ActiveCfg = Release|Any CPU
		{739E3295-8A20-4EBB-A9EE-A6F4A1D65A95}.Release|x64.Build.0 = Release|Any CPU
		{739E3295-8A20-4EBB-A9EE-A6F4A1D65A95}.Release|x86.ActiveCfg = Release|Any CPU
		{739E3295-8A20-4EBB-A9EE-A6F4A1D65A95}.Release|x86.Build.0 = Release|Any CPU
		{3266CD09-615B-4E0C-8EFE-9AEC93AB932A}.Debug|Any CPU.ActiveCfg = Debug|Any CPU
		{3266CD09-615B-4E0C-8EFE-9AEC93AB932A}.Debug|Any CPU.Build.0 = Debug|Any CPU
		{3266CD09-615B-4E0C-8EFE-9AEC93AB932A}.Debug|x64.ActiveCfg = Debug|Any CPU
		{3266CD09-615B-4E0C-8EFE-9AEC93AB932A}.Debug|x64.Build.0 = Debug|Any CPU
		{3266CD09-615B-4E0C-8EFE-9AEC93AB932A}.Debug|x86.ActiveCfg = Debug|Any CPU
		{3266CD09-615B-4E0C-8EFE-9AEC93AB932A}.Debug|x86.Build.0 = Debug|Any CPU
		{3266CD09-615B-4E0C-8EFE-9AEC93AB932A}.Release|Any CPU.ActiveCfg = Release|Any CPU
		{3266CD09-615B-4E0C-8EFE-9AEC93AB932A}.Release|Any CPU.Build.0 = Release|Any CPU
		{3266CD09-615B-4E0C-8EFE-9AEC93AB932A}.Release|x64.ActiveCfg = Release|Any CPU
		{3266CD09-615B-4E0C-8EFE-9AEC93AB932A}.Release|x64.Build.0 = Release|Any CPU
		{3266CD09-615B-4E0C-8EFE-9AEC93AB932A}.Release|x86.ActiveCfg = Release|Any CPU
		{3266CD09-615B-4E0C-8EFE-9AEC93AB932A}.Release|x86.Build.0 = Release|Any CPU
		{3813269A-C036-466D-A0D7-8166865E06ED}.Debug|Any CPU.ActiveCfg = Debug|Any CPU
		{3813269A-C036-466D-A0D7-8166865E06ED}.Debug|Any CPU.Build.0 = Debug|Any CPU
		{3813269A-C036-466D-A0D7-8166865E06ED}.Debug|x64.ActiveCfg = Debug|Any CPU
		{3813269A-C036-466D-A0D7-8166865E06ED}.Debug|x64.Build.0 = Debug|Any CPU
		{3813269A-C036-466D-A0D7-8166865E06ED}.Debug|x86.ActiveCfg = Debug|Any CPU
		{3813269A-C036-466D-A0D7-8166865E06ED}.Debug|x86.Build.0 = Debug|Any CPU
		{3813269A-C036-466D-A0D7-8166865E06ED}.Release|Any CPU.ActiveCfg = Release|Any CPU
		{3813269A-C036-466D-A0D7-8166865E06ED}.Release|Any CPU.Build.0 = Release|Any CPU
		{3813269A-C036-466D-A0D7-8166865E06ED}.Release|x64.ActiveCfg = Release|Any CPU
		{3813269A-C036-466D-A0D7-8166865E06ED}.Release|x64.Build.0 = Release|Any CPU
		{3813269A-C036-466D-A0D7-8166865E06ED}.Release|x86.ActiveCfg = Release|Any CPU
		{3813269A-C036-466D-A0D7-8166865E06ED}.Release|x86.Build.0 = Release|Any CPU
		{43364D55-A5B4-4E5A-B3EC-BD41F9AE1A79}.Debug|Any CPU.ActiveCfg = Debug|Any CPU
		{43364D55-A5B4-4E5A-B3EC-BD41F9AE1A79}.Debug|Any CPU.Build.0 = Debug|Any CPU
		{43364D55-A5B4-4E5A-B3EC-BD41F9AE1A79}.Debug|x64.ActiveCfg = Debug|Any CPU
		{43364D55-A5B4-4E5A-B3EC-BD41F9AE1A79}.Debug|x64.Build.0 = Debug|Any CPU
		{43364D55-A5B4-4E5A-B3EC-BD41F9AE1A79}.Debug|x86.ActiveCfg = Debug|Any CPU
		{43364D55-A5B4-4E5A-B3EC-BD41F9AE1A79}.Debug|x86.Build.0 = Debug|Any CPU
		{43364D55-A5B4-4E5A-B3EC-BD41F9AE1A79}.Release|Any CPU.ActiveCfg = Release|Any CPU
		{43364D55-A5B4-4E5A-B3EC-BD41F9AE1A79}.Release|Any CPU.Build.0 = Release|Any CPU
		{43364D55-A5B4-4E5A-B3EC-BD41F9AE1A79}.Release|x64.ActiveCfg = Release|Any CPU
		{43364D55-A5B4-4E5A-B3EC-BD41F9AE1A79}.Release|x64.Build.0 = Release|Any CPU
		{43364D55-A5B4-4E5A-B3EC-BD41F9AE1A79}.Release|x86.ActiveCfg = Release|Any CPU
		{43364D55-A5B4-4E5A-B3EC-BD41F9AE1A79}.Release|x86.Build.0 = Release|Any CPU
		{8529CD5E-1232-4863-9A54-328504FCDCE4}.Debug|Any CPU.ActiveCfg = Debug|Any CPU
		{8529CD5E-1232-4863-9A54-328504FCDCE4}.Debug|Any CPU.Build.0 = Debug|Any CPU
		{8529CD5E-1232-4863-9A54-328504FCDCE4}.Debug|x64.ActiveCfg = Debug|Any CPU
		{8529CD5E-1232-4863-9A54-328504FCDCE4}.Debug|x64.Build.0 = Debug|Any CPU
		{8529CD5E-1232-4863-9A54-328504FCDCE4}.Debug|x86.ActiveCfg = Debug|Any CPU
		{8529CD5E-1232-4863-9A54-328504FCDCE4}.Debug|x86.Build.0 = Debug|Any CPU
		{8529CD5E-1232-4863-9A54-328504FCDCE4}.Release|Any CPU.ActiveCfg = Release|Any CPU
		{8529CD5E-1232-4863-9A54-328504FCDCE4}.Release|Any CPU.Build.0 = Release|Any CPU
		{8529CD5E-1232-4863-9A54-328504FCDCE4}.Release|x64.ActiveCfg = Release|Any CPU
		{8529CD5E-1232-4863-9A54-328504FCDCE4}.Release|x64.Build.0 = Release|Any CPU
		{8529CD5E-1232-4863-9A54-328504FCDCE4}.Release|x86.ActiveCfg = Release|Any CPU
		{8529CD5E-1232-4863-9A54-328504FCDCE4}.Release|x86.Build.0 = Release|Any CPU
		{D494B721-FD5D-4D06-9427-15FCCE03C533}.Debug|Any CPU.ActiveCfg = Debug|Any CPU
		{D494B721-FD5D-4D06-9427-15FCCE03C533}.Debug|Any CPU.Build.0 = Debug|Any CPU
		{D494B721-FD5D-4D06-9427-15FCCE03C533}.Debug|x64.ActiveCfg = Debug|Any CPU
		{D494B721-FD5D-4D06-9427-15FCCE03C533}.Debug|x64.Build.0 = Debug|Any CPU
		{D494B721-FD5D-4D06-9427-15FCCE03C533}.Debug|x86.ActiveCfg = Debug|Any CPU
		{D494B721-FD5D-4D06-9427-15FCCE03C533}.Debug|x86.Build.0 = Debug|Any CPU
		{D494B721-FD5D-4D06-9427-15FCCE03C533}.Release|Any CPU.ActiveCfg = Release|Any CPU
		{D494B721-FD5D-4D06-9427-15FCCE03C533}.Release|Any CPU.Build.0 = Release|Any CPU
		{D494B721-FD5D-4D06-9427-15FCCE03C533}.Release|x64.ActiveCfg = Release|Any CPU
		{D494B721-FD5D-4D06-9427-15FCCE03C533}.Release|x64.Build.0 = Release|Any CPU
		{D494B721-FD5D-4D06-9427-15FCCE03C533}.Release|x86.ActiveCfg = Release|Any CPU
		{D494B721-FD5D-4D06-9427-15FCCE03C533}.Release|x86.Build.0 = Release|Any CPU
		{800A8EF1-00FD-4581-941E-691AFE6634D1}.Debug|Any CPU.ActiveCfg = Debug|Any CPU
		{800A8EF1-00FD-4581-941E-691AFE6634D1}.Debug|Any CPU.Build.0 = Debug|Any CPU
		{800A8EF1-00FD-4581-941E-691AFE6634D1}.Debug|x64.ActiveCfg = Debug|Any CPU
		{800A8EF1-00FD-4581-941E-691AFE6634D1}.Debug|x64.Build.0 = Debug|Any CPU
		{800A8EF1-00FD-4581-941E-691AFE6634D1}.Debug|x86.ActiveCfg = Debug|Any CPU
		{800A8EF1-00FD-4581-941E-691AFE6634D1}.Debug|x86.Build.0 = Debug|Any CPU
		{800A8EF1-00FD-4581-941E-691AFE6634D1}.Release|Any CPU.ActiveCfg = Release|Any CPU
		{800A8EF1-00FD-4581-941E-691AFE6634D1}.Release|Any CPU.Build.0 = Release|Any CPU
		{800A8EF1-00FD-4581-941E-691AFE6634D1}.Release|x64.ActiveCfg = Release|Any CPU
		{800A8EF1-00FD-4581-941E-691AFE6634D1}.Release|x64.Build.0 = Release|Any CPU
		{800A8EF1-00FD-4581-941E-691AFE6634D1}.Release|x86.ActiveCfg = Release|Any CPU
		{800A8EF1-00FD-4581-941E-691AFE6634D1}.Release|x86.Build.0 = Release|Any CPU
		{E84B9637-9560-40B8-8EB9-2B53DAA397B4}.Debug|Any CPU.ActiveCfg = Debug|Any CPU
		{E84B9637-9560-40B8-8EB9-2B53DAA397B4}.Debug|Any CPU.Build.0 = Debug|Any CPU
		{E84B9637-9560-40B8-8EB9-2B53DAA397B4}.Debug|x64.ActiveCfg = Debug|Any CPU
		{E84B9637-9560-40B8-8EB9-2B53DAA397B4}.Debug|x64.Build.0 = Debug|Any CPU
		{E84B9637-9560-40B8-8EB9-2B53DAA397B4}.Debug|x86.ActiveCfg = Debug|Any CPU
		{E84B9637-9560-40B8-8EB9-2B53DAA397B4}.Debug|x86.Build.0 = Debug|Any CPU
		{E84B9637-9560-40B8-8EB9-2B53DAA397B4}.Release|Any CPU.ActiveCfg = Release|Any CPU
		{E84B9637-9560-40B8-8EB9-2B53DAA397B4}.Release|Any CPU.Build.0 = Release|Any CPU
		{E84B9637-9560-40B8-8EB9-2B53DAA397B4}.Release|x64.ActiveCfg = Release|Any CPU
		{E84B9637-9560-40B8-8EB9-2B53DAA397B4}.Release|x64.Build.0 = Release|Any CPU
		{E84B9637-9560-40B8-8EB9-2B53DAA397B4}.Release|x86.ActiveCfg = Release|Any CPU
		{E84B9637-9560-40B8-8EB9-2B53DAA397B4}.Release|x86.Build.0 = Release|Any CPU
		{412E9195-B99C-4A64-B2B1-11CD8CF23C4B}.Debug|Any CPU.ActiveCfg = Debug|Any CPU
		{412E9195-B99C-4A64-B2B1-11CD8CF23C4B}.Debug|Any CPU.Build.0 = Debug|Any CPU
		{412E9195-B99C-4A64-B2B1-11CD8CF23C4B}.Debug|x64.ActiveCfg = Debug|Any CPU
		{412E9195-B99C-4A64-B2B1-11CD8CF23C4B}.Debug|x64.Build.0 = Debug|Any CPU
		{412E9195-B99C-4A64-B2B1-11CD8CF23C4B}.Debug|x86.ActiveCfg = Debug|Any CPU
		{412E9195-B99C-4A64-B2B1-11CD8CF23C4B}.Debug|x86.Build.0 = Debug|Any CPU
		{412E9195-B99C-4A64-B2B1-11CD8CF23C4B}.Release|Any CPU.ActiveCfg = Release|Any CPU
		{412E9195-B99C-4A64-B2B1-11CD8CF23C4B}.Release|Any CPU.Build.0 = Release|Any CPU
		{412E9195-B99C-4A64-B2B1-11CD8CF23C4B}.Release|x64.ActiveCfg = Release|Any CPU
		{412E9195-B99C-4A64-B2B1-11CD8CF23C4B}.Release|x64.Build.0 = Release|Any CPU
		{412E9195-B99C-4A64-B2B1-11CD8CF23C4B}.Release|x86.ActiveCfg = Release|Any CPU
		{412E9195-B99C-4A64-B2B1-11CD8CF23C4B}.Release|x86.Build.0 = Release|Any CPU
		{6C03B0A1-97F6-4F36-9101-298E0BD2856A}.Debug|Any CPU.ActiveCfg = Debug|Any CPU
		{6C03B0A1-97F6-4F36-9101-298E0BD2856A}.Debug|Any CPU.Build.0 = Debug|Any CPU
		{6C03B0A1-97F6-4F36-9101-298E0BD2856A}.Debug|x64.ActiveCfg = Debug|Any CPU
		{6C03B0A1-97F6-4F36-9101-298E0BD2856A}.Debug|x64.Build.0 = Debug|Any CPU
		{6C03B0A1-97F6-4F36-9101-298E0BD2856A}.Debug|x86.ActiveCfg = Debug|Any CPU
		{6C03B0A1-97F6-4F36-9101-298E0BD2856A}.Debug|x86.Build.0 = Debug|Any CPU
		{6C03B0A1-97F6-4F36-9101-298E0BD2856A}.Release|Any CPU.ActiveCfg = Release|Any CPU
		{6C03B0A1-97F6-4F36-9101-298E0BD2856A}.Release|Any CPU.Build.0 = Release|Any CPU
		{6C03B0A1-97F6-4F36-9101-298E0BD2856A}.Release|x64.ActiveCfg = Release|Any CPU
		{6C03B0A1-97F6-4F36-9101-298E0BD2856A}.Release|x64.Build.0 = Release|Any CPU
		{6C03B0A1-97F6-4F36-9101-298E0BD2856A}.Release|x86.ActiveCfg = Release|Any CPU
		{6C03B0A1-97F6-4F36-9101-298E0BD2856A}.Release|x86.Build.0 = Release|Any CPU
		{B70C9818-051F-40BD-8A95-CF481B8984C1}.Debug|Any CPU.ActiveCfg = Debug|Any CPU
		{B70C9818-051F-40BD-8A95-CF481B8984C1}.Debug|Any CPU.Build.0 = Debug|Any CPU
		{B70C9818-051F-40BD-8A95-CF481B8984C1}.Debug|x64.ActiveCfg = Debug|Any CPU
		{B70C9818-051F-40BD-8A95-CF481B8984C1}.Debug|x64.Build.0 = Debug|Any CPU
		{B70C9818-051F-40BD-8A95-CF481B8984C1}.Debug|x86.ActiveCfg = Debug|Any CPU
		{B70C9818-051F-40BD-8A95-CF481B8984C1}.Debug|x86.Build.0 = Debug|Any CPU
		{B70C9818-051F-40BD-8A95-CF481B8984C1}.Release|Any CPU.ActiveCfg = Release|Any CPU
		{B70C9818-051F-40BD-8A95-CF481B8984C1}.Release|Any CPU.Build.0 = Release|Any CPU
		{B70C9818-051F-40BD-8A95-CF481B8984C1}.Release|x64.ActiveCfg = Release|Any CPU
		{B70C9818-051F-40BD-8A95-CF481B8984C1}.Release|x64.Build.0 = Release|Any CPU
		{B70C9818-051F-40BD-8A95-CF481B8984C1}.Release|x86.ActiveCfg = Release|Any CPU
		{B70C9818-051F-40BD-8A95-CF481B8984C1}.Release|x86.Build.0 = Release|Any CPU
		{E50217DD-B469-481B-BAE7-84CA676090E4}.Debug|Any CPU.ActiveCfg = Debug|Any CPU
		{E50217DD-B469-481B-BAE7-84CA676090E4}.Debug|Any CPU.Build.0 = Debug|Any CPU
		{E50217DD-B469-481B-BAE7-84CA676090E4}.Debug|x64.ActiveCfg = Debug|Any CPU
		{E50217DD-B469-481B-BAE7-84CA676090E4}.Debug|x64.Build.0 = Debug|Any CPU
		{E50217DD-B469-481B-BAE7-84CA676090E4}.Debug|x86.ActiveCfg = Debug|Any CPU
		{E50217DD-B469-481B-BAE7-84CA676090E4}.Debug|x86.Build.0 = Debug|Any CPU
		{E50217DD-B469-481B-BAE7-84CA676090E4}.Release|Any CPU.ActiveCfg = Release|Any CPU
		{E50217DD-B469-481B-BAE7-84CA676090E4}.Release|Any CPU.Build.0 = Release|Any CPU
		{E50217DD-B469-481B-BAE7-84CA676090E4}.Release|x64.ActiveCfg = Release|Any CPU
		{E50217DD-B469-481B-BAE7-84CA676090E4}.Release|x64.Build.0 = Release|Any CPU
		{E50217DD-B469-481B-BAE7-84CA676090E4}.Release|x86.ActiveCfg = Release|Any CPU
		{E50217DD-B469-481B-BAE7-84CA676090E4}.Release|x86.Build.0 = Release|Any CPU
		{511097AB-3BBB-438F-98F2-F847A0DFB4C0}.Debug|Any CPU.ActiveCfg = Debug|Any CPU
		{511097AB-3BBB-438F-98F2-F847A0DFB4C0}.Debug|Any CPU.Build.0 = Debug|Any CPU
		{511097AB-3BBB-438F-98F2-F847A0DFB4C0}.Debug|x64.ActiveCfg = Debug|Any CPU
		{511097AB-3BBB-438F-98F2-F847A0DFB4C0}.Debug|x64.Build.0 = Debug|Any CPU
		{511097AB-3BBB-438F-98F2-F847A0DFB4C0}.Debug|x86.ActiveCfg = Debug|Any CPU
		{511097AB-3BBB-438F-98F2-F847A0DFB4C0}.Debug|x86.Build.0 = Debug|Any CPU
		{511097AB-3BBB-438F-98F2-F847A0DFB4C0}.Release|Any CPU.ActiveCfg = Release|Any CPU
		{511097AB-3BBB-438F-98F2-F847A0DFB4C0}.Release|Any CPU.Build.0 = Release|Any CPU
		{511097AB-3BBB-438F-98F2-F847A0DFB4C0}.Release|x64.ActiveCfg = Release|Any CPU
		{511097AB-3BBB-438F-98F2-F847A0DFB4C0}.Release|x64.Build.0 = Release|Any CPU
		{511097AB-3BBB-438F-98F2-F847A0DFB4C0}.Release|x86.ActiveCfg = Release|Any CPU
		{511097AB-3BBB-438F-98F2-F847A0DFB4C0}.Release|x86.Build.0 = Release|Any CPU
		{822F4EAD-3541-4B39-B3AB-AB94FFD458B7}.Debug|Any CPU.ActiveCfg = Debug|Any CPU
		{822F4EAD-3541-4B39-B3AB-AB94FFD458B7}.Debug|Any CPU.Build.0 = Debug|Any CPU
		{822F4EAD-3541-4B39-B3AB-AB94FFD458B7}.Debug|x64.ActiveCfg = Debug|Any CPU
		{822F4EAD-3541-4B39-B3AB-AB94FFD458B7}.Debug|x64.Build.0 = Debug|Any CPU
		{822F4EAD-3541-4B39-B3AB-AB94FFD458B7}.Debug|x86.ActiveCfg = Debug|Any CPU
		{822F4EAD-3541-4B39-B3AB-AB94FFD458B7}.Debug|x86.Build.0 = Debug|Any CPU
		{822F4EAD-3541-4B39-B3AB-AB94FFD458B7}.Release|Any CPU.ActiveCfg = Release|Any CPU
		{822F4EAD-3541-4B39-B3AB-AB94FFD458B7}.Release|Any CPU.Build.0 = Release|Any CPU
		{822F4EAD-3541-4B39-B3AB-AB94FFD458B7}.Release|x64.ActiveCfg = Release|Any CPU
		{822F4EAD-3541-4B39-B3AB-AB94FFD458B7}.Release|x64.Build.0 = Release|Any CPU
		{822F4EAD-3541-4B39-B3AB-AB94FFD458B7}.Release|x86.ActiveCfg = Release|Any CPU
		{822F4EAD-3541-4B39-B3AB-AB94FFD458B7}.Release|x86.Build.0 = Release|Any CPU
	EndGlobalSection
	GlobalSection(SolutionProperties) = preSolution
		HideSolutionNode = FALSE
	EndGlobalSection
	GlobalSection(NestedProjects) = preSolution
		{E84B9637-9560-40B8-8EB9-2B53DAA397B4} = {5D20AA90-6969-D8BD-9DCD-8634F4692FDA}
		{E50217DD-B469-481B-BAE7-84CA676090E4} = {5D20AA90-6969-D8BD-9DCD-8634F4692FDA}
		{511097AB-3BBB-438F-98F2-F847A0DFB4C0} = {5D20AA90-6969-D8BD-9DCD-8634F4692FDA}
	EndGlobalSection
EndGlobal
