{
  "name": "cloudshell-typescript-container-app-runtime-sample",
  "version": "0.0.0-poc",
  "lockfileVersion": 3,
  "requires": true,
  "packages": {
    "": {
      "name": "cloudshell-typescript-container-app-runtime-sample",
      "version": "0.0.0-poc",
      "dependencies": {
        "@cloudshell/configuration-client": "file:../../../sdk/typescript/configuration-client"
      }
    },
    "../../../sdk/typescript/configuration-client": {
      "name": "@cloudshell/configuration-client",
      "version": "0.0.0-poc",
      "devDependencies": {
        "@types/node": "^22.10.2",
        "typescript": "^5.7.2"
      }
    },
    "node_modules/@cloudshell/configuration-client": {
      "resolved": "../../../sdk/typescript/configuration-client",
      "link": true
    }
  }
}
